
Microsoft Visual Studio Solution File, Format Version 12.00
# Visual Studio Version 17
VisualStudioVersion = 17.11.35327.3
MinimumVisualStudioVersion = 10.0.40219.1
Project("{2150E333-8FDC-42A3-9474-1A3956D46DE8}") = "C#", "C#", "{EEE42B48-6D3F-4C42-AD4B-6D81C7E759E0}"
EndProject
Project("{2150E333-8FDC-42A3-9474-1A3956D46DE8}") = "Udemy", "Udemy", "{8DFD58F3-F093-4C95-B772-A1E6BBC21DA7}"
EndProject
Project("{2150E333-8FDC-42A3-9474-1A3956D46DE8}") = "Ultimate C# Masterclass", "Ultimate C# Masterclass", "{6088ABDB-07A4-48D9-9305-B8389D8827A0}"
EndProject
Project("{2150E333-8FDC-42A3-9474-1A3956D46DE8}") = "Code", "Code", "{EBFF0DCB-B9DB-453A-913A-A5211630C496}"
EndProject
Project("{2150E333-8FDC-42A3-9474-1A3956D46DE8}") = "Assignments", "Assignments", "{D2556EA6-FF70-4D82-AAEC-D108C10F57E6}"
EndProject
Project("{2150E333-8FDC-42A3-9474-1A3956D46DE8}") = "Solution Items", "Solution Items", "{60C01B12-9F83-4363-B3FD-D6BB36E3C6B0}"
EndProject
Project("{9A19103F-16F7-4668-BE54-9A1E7A4F7556}") = "Assignment2_ToDoList", "Udemy\Ultimate C# Masterclass\Assignments\Assignment2_ToDoList\Assignment2_ToDoList.csproj", "{2AD4D3F5-0663-4461-910F-851D8C2FF443}"
EndProject
Project("{9A19103F-16F7-4668-BE54-9A1E7A4F7556}") = "Assignment1_Calculator", "Udemy\Ultimate C# Masterclass\Assignments\Assignment1_Calculator\Assignment1_Calculator.csproj", "{CFD50E20-02AC-4476-B504-347C0D3AEFA1}"
EndProject
Project("{9A19103F-16F7-4668-BE54-9A1E7A4F7556}") = "CodingExercise7", "..\Change\C#\Udemy\Ultimate C# Masterclass\Code\CodingExercise7\CodingExercise7.csproj", "{60ADC581-16C6-447D-89D6-14946F8B41B6}"
EndProject
Project("{9A19103F-16F7-4668-BE54-9A1E7A4F7556}") = "CodingExercise8", "..\Change\C#\Udemy\Ultimate C# Masterclass\Code\CodingExercise8\CodingExercise8.csproj", "{6C8885A3-6D54-4028-8699-D06A4AC54ACC}"
EndProject
Project("{9A19103F-16F7-4668-BE54-9A1E7A4F7556}") = "CodingExercise9", "Udemy\Ultimate C# Masterclass\Code\CodingExercise9\CodingExercise9.csproj", "{9F5BC421-86C7-4F7E-AC54-B741A8A19C97}"
EndProject
Project("{9A19103F-16F7-4668-BE54-9A1E7A4F7556}") = "CodingExercise10", "Udemy\Ultimate C# Masterclass\Code\CodingExercise10\CodingExercise10.csproj", "{0B1358DD-16BB-4163-8302-8B2474968F92}"
EndProject
Project("{9A19103F-16F7-4668-BE54-9A1E7A4F7556}") = "CodingExercise11", "Udemy\Ultimate C# Masterclass\Code\CodingExercise11\CodingExercise11.csproj", "{E30DE3C8-ED1C-4171-AF25-625F6042F516}"
EndProject
Project("{9A19103F-16F7-4668-BE54-9A1E7A4F7556}") = "CodingExercise13", "Udemy\Ultimate C# Masterclass\Code\CodingExercise13\CodingExercise13.csproj", "{E3ADB72A-4E9F-414C-8533-B06335CA6AFF}"
EndProject
Project("{9A19103F-16F7-4668-BE54-9A1E7A4F7556}") = "CodingExercise14", "Udemy\Ultimate C# Masterclass\Code\CodingExercise14\CodingExercise14.csproj", "{6FDE38DE-9800-4193-95F7-DA36B9C89DA9}"
EndProject
Project("{9A19103F-16F7-4668-BE54-9A1E7A4F7556}") = "GradeCalculator", "Udemy\Ultimate C# Masterclass\Code\GradeCalculator\GradeCalculator.csproj", "{30147F2E-CD80-4C5E-9521-360A9A49BE5D}"
EndProject
Project("{9A19103F-16F7-4668-BE54-9A1E7A4F7556}") = "Les44", "Udemy\Ultimate C# Masterclass\Code\Les44\Les44.csproj", "{9086C540-92A0-4585-BF2E-BFC14FE23EDC}"
EndProject
Project("{9A19103F-16F7-4668-BE54-9A1E7A4F7556}") = "Les45", "Udemy\Ultimate C# Masterclass\Code\Les45\Les45.csproj", "{27E1EA7C-02A3-4669-BE81-934B68DFE071}"
EndProject
Project("{9A19103F-16F7-4668-BE54-9A1E7A4F7556}") = "Les46", "Udemy\Ultimate C# Masterclass\Code\Les46\Les46.csproj", "{CCB90507-DA00-49B9-AC62-0983EED9AB0B}"
EndProject
Project("{9A19103F-16F7-4668-BE54-9A1E7A4F7556}") = "Les47", "Udemy\Ultimate C# Masterclass\Code\Les47\Les47.csproj", "{95153CCA-4310-40B3-AF8C-B82D3218C46E}"
EndProject
Project("{9A19103F-16F7-4668-BE54-9A1E7A4F7556}") = "Les48", "Udemy\Ultimate C# Masterclass\Code\Les48\Les48.csproj", "{B16C6237-3785-4BA3-B797-6BB63AF9CAAE}"
EndProject
Project("{9A19103F-16F7-4668-BE54-9A1E7A4F7556}") = "Les49", "Udemy\Ultimate C# Masterclass\Code\Les49\Les49.csproj", "{A21A2BFF-D039-4D5E-B9E7-F26EC8BCC7D2}"
EndProject
Project("{9A19103F-16F7-4668-BE54-9A1E7A4F7556}") = "Les51", "Udemy\Ultimate C# Masterclass\Code\Les51\Les51.csproj", "{22DB5A45-749A-4857-B55B-AE9FE37FDD0F}"
EndProject
Project("{9A19103F-16F7-4668-BE54-9A1E7A4F7556}") = "Les52", "Udemy\Ultimate C# Masterclass\Code\Les52\Les52.csproj", "{53F5038F-78FD-4056-90E9-E50B375EF827}"
EndProject
Project("{9A19103F-16F7-4668-BE54-9A1E7A4F7556}") = "Les53", "Udemy\Ultimate C# Masterclass\Code\Les53\Les53.csproj", "{976260DB-0779-4D13-B48E-930E48ADE279}"
EndProject
Project("{9A19103F-16F7-4668-BE54-9A1E7A4F7556}") = "Les54", "Udemy\Ultimate C# Masterclass\Code\Les54\Les54.csproj", "{311A076B-D310-45F4-94CE-CAD077561CC0}"
EndProject
Project("{9A19103F-16F7-4668-BE54-9A1E7A4F7556}") = "Les55", "Udemy\Ultimate C# Masterclass\Code\Les55\Les55.csproj", "{F8F94053-6DFE-4A87-9C39-B1C41A22E57E}"
EndProject
Project("{9A19103F-16F7-4668-BE54-9A1E7A4F7556}") = "Les56", "Udemy\Ultimate C# Masterclass\Code\Les56\Les56.csproj", "{1FD9F0A6-FFF4-4284-9499-F64A0366CC26}"
EndProject
Project("{9A19103F-16F7-4668-BE54-9A1E7A4F7556}") = "Test", "Udemy\Ultimate C# Masterclass\Code\Test\Test.csproj", "{1FD7E09B-3FDA-4E98-BDF9-0492FDB154C7}"
EndProject
Project("{FAE04EC0-301F-11D3-BF4B-00C04F79EFBC}") = "Les65", "Udemy\Ultimate C# Masterclass\Code\ConsoleApp1\Les65.csproj", "{EBB0CED5-B6FE-42AD-BB40-BACA5EF391B2}"
EndProject
Global
	GlobalSection(SolutionConfigurationPlatforms) = preSolution
		Debug|Any CPU = Debug|Any CPU
		Release|Any CPU = Release|Any CPU
	EndGlobalSection
	GlobalSection(ProjectConfigurationPlatforms) = postSolution
		{2AD4D3F5-0663-4461-910F-851D8C2FF443}.Debug|Any CPU.ActiveCfg = Debug|Any CPU
		{2AD4D3F5-0663-4461-910F-851D8C2FF443}.Debug|Any CPU.Build.0 = Debug|Any CPU
		{2AD4D3F5-0663-4461-910F-851D8C2FF443}.Release|Any CPU.ActiveCfg = Release|Any CPU
		{2AD4D3F5-0663-4461-910F-851D8C2FF443}.Release|Any CPU.Build.0 = Release|Any CPU
		{CFD50E20-02AC-4476-B504-347C0D3AEFA1}.Debug|Any CPU.ActiveCfg = Debug|Any CPU
		{CFD50E20-02AC-4476-B504-347C0D3AEFA1}.Debug|Any CPU.Build.0 = Debug|Any CPU
		{CFD50E20-02AC-4476-B504-347C0D3AEFA1}.Release|Any CPU.ActiveCfg = Release|Any CPU
		{CFD50E20-02AC-4476-B504-347C0D3AEFA1}.Release|Any CPU.Build.0 = Release|Any CPU
		{60ADC581-16C6-447D-89D6-14946F8B41B6}.Debug|Any CPU.ActiveCfg = Debug|Any CPU
		{60ADC581-16C6-447D-89D6-14946F8B41B6}.Debug|Any CPU.Build.0 = Debug|Any CPU
		{60ADC581-16C6-447D-89D6-14946F8B41B6}.Release|Any CPU.ActiveCfg = Release|Any CPU
		{60ADC581-16C6-447D-89D6-14946F8B41B6}.Release|Any CPU.Build.0 = Release|Any CPU
		{6C8885A3-6D54-4028-8699-D06A4AC54ACC}.Debug|Any CPU.ActiveCfg = Debug|Any CPU
		{6C8885A3-6D54-4028-8699-D06A4AC54ACC}.Debug|Any CPU.Build.0 = Debug|Any CPU
		{6C8885A3-6D54-4028-8699-D06A4AC54ACC}.Release|Any CPU.ActiveCfg = Release|Any CPU
		{6C8885A3-6D54-4028-8699-D06A4AC54ACC}.Release|Any CPU.Build.0 = Release|Any CPU
		{9F5BC421-86C7-4F7E-AC54-B741A8A19C97}.Debug|Any CPU.ActiveCfg = Debug|Any CPU
		{9F5BC421-86C7-4F7E-AC54-B741A8A19C97}.Debug|Any CPU.Build.0 = Debug|Any CPU
		{9F5BC421-86C7-4F7E-AC54-B741A8A19C97}.Release|Any CPU.ActiveCfg = Release|Any CPU
		{9F5BC421-86C7-4F7E-AC54-B741A8A19C97}.Release|Any CPU.Build.0 = Release|Any CPU
		{0B1358DD-16BB-4163-8302-8B2474968F92}.Debug|Any CPU.ActiveCfg = Debug|Any CPU
		{0B1358DD-16BB-4163-8302-8B2474968F92}.Debug|Any CPU.Build.0 = Debug|Any CPU
		{0B1358DD-16BB-4163-8302-8B2474968F92}.Release|Any CPU.ActiveCfg = Release|Any CPU
		{0B1358DD-16BB-4163-8302-8B2474968F92}.Release|Any CPU.Build.0 = Release|Any CPU
		{E30DE3C8-ED1C-4171-AF25-625F6042F516}.Debug|Any CPU.ActiveCfg = Debug|Any CPU
		{E30DE3C8-ED1C-4171-AF25-625F6042F516}.Debug|Any CPU.Build.0 = Debug|Any CPU
		{E30DE3C8-ED1C-4171-AF25-625F6042F516}.Release|Any CPU.ActiveCfg = Release|Any CPU
		{E30DE3C8-ED1C-4171-AF25-625F6042F516}.Release|Any CPU.Build.0 = Release|Any CPU
		{E3ADB72A-4E9F-414C-8533-B06335CA6AFF}.Debug|Any CPU.ActiveCfg = Debug|Any CPU
		{E3ADB72A-4E9F-414C-8533-B06335CA6AFF}.Debug|Any CPU.Build.0 = Debug|Any CPU
		{E3ADB72A-4E9F-414C-8533-B06335CA6AFF}.Release|Any CPU.ActiveCfg = Release|Any CPU
		{E3ADB72A-4E9F-414C-8533-B06335CA6AFF}.Release|Any CPU.Build.0 = Release|Any CPU
		{6FDE38DE-9800-4193-95F7-DA36B9C89DA9}.Debug|Any CPU.ActiveCfg = Debug|Any CPU
		{6FDE38DE-9800-4193-95F7-DA36B9C89DA9}.Debug|Any CPU.Build.0 = Debug|Any CPU
		{6FDE38DE-9800-4193-95F7-DA36B9C89DA9}.Release|Any CPU.ActiveCfg = Release|Any CPU
		{6FDE38DE-9800-4193-95F7-DA36B9C89DA9}.Release|Any CPU.Build.0 = Release|Any CPU
		{30147F2E-CD80-4C5E-9521-360A9A49BE5D}.Debug|Any CPU.ActiveCfg = Debug|Any CPU
		{30147F2E-CD80-4C5E-9521-360A9A49BE5D}.Debug|Any CPU.Build.0 = Debug|Any CPU
		{30147F2E-CD80-4C5E-9521-360A9A49BE5D}.Release|Any CPU.ActiveCfg = Release|Any CPU
		{30147F2E-CD80-4C5E-9521-360A9A49BE5D}.Release|Any CPU.Build.0 = Release|Any CPU
		{9086C540-92A0-4585-BF2E-BFC14FE23EDC}.Debug|Any CPU.ActiveCfg = Debug|Any CPU
		{9086C540-92A0-4585-BF2E-BFC14FE23EDC}.Debug|Any CPU.Build.0 = Debug|Any CPU
		{9086C540-92A0-4585-BF2E-BFC14FE23EDC}.Release|Any CPU.ActiveCfg = Release|Any CPU
		{9086C540-92A0-4585-BF2E-BFC14FE23EDC}.Release|Any CPU.Build.0 = Release|Any CPU
		{27E1EA7C-02A3-4669-BE81-934B68DFE071}.Debug|Any CPU.ActiveCfg = Debug|Any CPU
		{27E1EA7C-02A3-4669-BE81-934B68DFE071}.Debug|Any CPU.Build.0 = Debug|Any CPU
		{27E1EA7C-02A3-4669-BE81-934B68DFE071}.Release|Any CPU.ActiveCfg = Release|Any CPU
		{27E1EA7C-02A3-4669-BE81-934B68DFE071}.Release|Any CPU.Build.0 = Release|Any CPU
		{CCB90507-DA00-49B9-AC62-0983EED9AB0B}.Debug|Any CPU.ActiveCfg = Debug|Any CPU
		{CCB90507-DA00-49B9-AC62-0983EED9AB0B}.Debug|Any CPU.Build.0 = Debug|Any CPU
		{CCB90507-DA00-49B9-AC62-0983EED9AB0B}.Release|Any CPU.ActiveCfg = Release|Any CPU
		{CCB90507-DA00-49B9-AC62-0983EED9AB0B}.Release|Any CPU.Build.0 = Release|Any CPU
		{95153CCA-4310-40B3-AF8C-B82D3218C46E}.Debug|Any CPU.ActiveCfg = Debug|Any CPU
		{95153CCA-4310-40B3-AF8C-B82D3218C46E}.Debug|Any CPU.Build.0 = Debug|Any CPU
		{95153CCA-4310-40B3-AF8C-B82D3218C46E}.Release|Any CPU.ActiveCfg = Release|Any CPU
		{95153CCA-4310-40B3-AF8C-B82D3218C46E}.Release|Any CPU.Build.0 = Release|Any CPU
		{B16C6237-3785-4BA3-B797-6BB63AF9CAAE}.Debug|Any CPU.ActiveCfg = Debug|Any CPU
		{B16C6237-3785-4BA3-B797-6BB63AF9CAAE}.Debug|Any CPU.Build.0 = Debug|Any CPU
		{B16C6237-3785-4BA3-B797-6BB63AF9CAAE}.Release|Any CPU.ActiveCfg = Release|Any CPU
		{B16C6237-3785-4BA3-B797-6BB63AF9CAAE}.Release|Any CPU.Build.0 = Release|Any CPU
		{A21A2BFF-D039-4D5E-B9E7-F26EC8BCC7D2}.Debug|Any CPU.ActiveCfg = Debug|Any CPU
		{A21A2BFF-D039-4D5E-B9E7-F26EC8BCC7D2}.Debug|Any CPU.Build.0 = Debug|Any CPU
		{A21A2BFF-D039-4D5E-B9E7-F26EC8BCC7D2}.Release|Any CPU.ActiveCfg = Release|Any CPU
		{A21A2BFF-D039-4D5E-B9E7-F26EC8BCC7D2}.Release|Any CPU.Build.0 = Release|Any CPU
		{22DB5A45-749A-4857-B55B-AE9FE37FDD0F}.Debug|Any CPU.ActiveCfg = Debug|Any CPU
		{22DB5A45-749A-4857-B55B-AE9FE37FDD0F}.Debug|Any CPU.Build.0 = Debug|Any CPU
		{22DB5A45-749A-4857-B55B-AE9FE37FDD0F}.Release|Any CPU.ActiveCfg = Release|Any CPU
		{22DB5A45-749A-4857-B55B-AE9FE37FDD0F}.Release|Any CPU.Build.0 = Release|Any CPU
		{53F5038F-78FD-4056-90E9-E50B375EF827}.Debug|Any CPU.ActiveCfg = Debug|Any CPU
		{53F5038F-78FD-4056-90E9-E50B375EF827}.Debug|Any CPU.Build.0 = Debug|Any CPU
		{53F5038F-78FD-4056-90E9-E50B375EF827}.Release|Any CPU.ActiveCfg = Release|Any CPU
		{53F5038F-78FD-4056-90E9-E50B375EF827}.Release|Any CPU.Build.0 = Release|Any CPU
		{976260DB-0779-4D13-B48E-930E48ADE279}.Debug|Any CPU.ActiveCfg = Debug|Any CPU
		{976260DB-0779-4D13-B48E-930E48ADE279}.Debug|Any CPU.Build.0 = Debug|Any CPU
		{976260DB-0779-4D13-B48E-930E48ADE279}.Release|Any CPU.ActiveCfg = Release|Any CPU
		{976260DB-0779-4D13-B48E-930E48ADE279}.Release|Any CPU.Build.0 = Release|Any CPU
		{311A076B-D310-45F4-94CE-CAD077561CC0}.Debug|Any CPU.ActiveCfg = Debug|Any CPU
		{311A076B-D310-45F4-94CE-CAD077561CC0}.Debug|Any CPU.Build.0 = Debug|Any CPU
		{311A076B-D310-45F4-94CE-CAD077561CC0}.Release|Any CPU.ActiveCfg = Release|Any CPU
		{311A076B-D310-45F4-94CE-CAD077561CC0}.Release|Any CPU.Build.0 = Release|Any CPU
		{F8F94053-6DFE-4A87-9C39-B1C41A22E57E}.Debug|Any CPU.ActiveCfg = Debug|Any CPU
		{F8F94053-6DFE-4A87-9C39-B1C41A22E57E}.Debug|Any CPU.Build.0 = Debug|Any CPU
		{F8F94053-6DFE-4A87-9C39-B1C41A22E57E}.Release|Any CPU.ActiveCfg = Release|Any CPU
		{F8F94053-6DFE-4A87-9C39-B1C41A22E57E}.Release|Any CPU.Build.0 = Release|Any CPU
		{1FD9F0A6-FFF4-4284-9499-F64A0366CC26}.Debug|Any CPU.ActiveCfg = Debug|Any CPU
		{1FD9F0A6-FFF4-4284-9499-F64A0366CC26}.Debug|Any CPU.Build.0 = Debug|Any CPU
		{1FD9F0A6-FFF4-4284-9499-F64A0366CC26}.Release|Any CPU.ActiveCfg = Release|Any CPU
		{1FD9F0A6-FFF4-4284-9499-F64A0366CC26}.Release|Any CPU.Build.0 = Release|Any CPU
		{1FD7E09B-3FDA-4E98-BDF9-0492FDB154C7}.Debug|Any CPU.ActiveCfg = Debug|Any CPU
		{1FD7E09B-3FDA-4E98-BDF9-0492FDB154C7}.Debug|Any CPU.Build.0 = Debug|Any CPU
		{1FD7E09B-3FDA-4E98-BDF9-0492FDB154C7}.Release|Any CPU.ActiveCfg = Release|Any CPU
		{1FD7E09B-3FDA-4E98-BDF9-0492FDB154C7}.Release|Any CPU.Build.0 = Release|Any CPU
		{EBB0CED5-B6FE-42AD-BB40-BACA5EF391B2}.Debug|Any CPU.ActiveCfg = Debug|Any CPU
		{EBB0CED5-B6FE-42AD-BB40-BACA5EF391B2}.Debug|Any CPU.Build.0 = Debug|Any CPU
		{EBB0CED5-B6FE-42AD-BB40-BACA5EF391B2}.Release|Any CPU.ActiveCfg = Release|Any CPU
		{EBB0CED5-B6FE-42AD-BB40-BACA5EF391B2}.Release|Any CPU.Build.0 = Release|Any CPU
	EndGlobalSection
	GlobalSection(SolutionProperties) = preSolution
		HideSolutionNode = FALSE
	EndGlobalSection
	GlobalSection(NestedProjects) = preSolution
		{8DFD58F3-F093-4C95-B772-A1E6BBC21DA7} = {EEE42B48-6D3F-4C42-AD4B-6D81C7E759E0}
		{6088ABDB-07A4-48D9-9305-B8389D8827A0} = {8DFD58F3-F093-4C95-B772-A1E6BBC21DA7}
		{EBFF0DCB-B9DB-453A-913A-A5211630C496} = {6088ABDB-07A4-48D9-9305-B8389D8827A0}
		{D2556EA6-FF70-4D82-AAEC-D108C10F57E6} = {6088ABDB-07A4-48D9-9305-B8389D8827A0}
		{2AD4D3F5-0663-4461-910F-851D8C2FF443} = {D2556EA6-FF70-4D82-AAEC-D108C10F57E6}
		{CFD50E20-02AC-4476-B504-347C0D3AEFA1} = {D2556EA6-FF70-4D82-AAEC-D108C10F57E6}
		{60ADC581-16C6-447D-89D6-14946F8B41B6} = {EBFF0DCB-B9DB-453A-913A-A5211630C496}
		{6C8885A3-6D54-4028-8699-D06A4AC54ACC} = {EBFF0DCB-B9DB-453A-913A-A5211630C496}
		{9F5BC421-86C7-4F7E-AC54-B741A8A19C97} = {EBFF0DCB-B9DB-453A-913A-A5211630C496}
		{0B1358DD-16BB-4163-8302-8B2474968F92} = {EBFF0DCB-B9DB-453A-913A-A5211630C496}
		{E30DE3C8-ED1C-4171-AF25-625F6042F516} = {EBFF0DCB-B9DB-453A-913A-A5211630C496}
		{E3ADB72A-4E9F-414C-8533-B06335CA6AFF} = {EBFF0DCB-B9DB-453A-913A-A5211630C496}
		{6FDE38DE-9800-4193-95F7-DA36B9C89DA9} = {EBFF0DCB-B9DB-453A-913A-A5211630C496}
		{30147F2E-CD80-4C5E-9521-360A9A49BE5D} = {EBFF0DCB-B9DB-453A-913A-A5211630C496}
		{9086C540-92A0-4585-BF2E-BFC14FE23EDC} = {EBFF0DCB-B9DB-453A-913A-A5211630C496}
		{27E1EA7C-02A3-4669-BE81-934B68DFE071} = {EBFF0DCB-B9DB-453A-913A-A5211630C496}
		{CCB90507-DA00-49B9-AC62-0983EED9AB0B} = {EBFF0DCB-B9DB-453A-913A-A5211630C496}
		{95153CCA-4310-40B3-AF8C-B82D3218C46E} = {EBFF0DCB-B9DB-453A-913A-A5211630C496}
		{B16C6237-3785-4BA3-B797-6BB63AF9CAAE} = {EBFF0DCB-B9DB-453A-913A-A5211630C496}
		{A21A2BFF-D039-4D5E-B9E7-F26EC8BCC7D2} = {EBFF0DCB-B9DB-453A-913A-A5211630C496}
		{22DB5A45-749A-4857-B55B-AE9FE37FDD0F} = {EBFF0DCB-B9DB-453A-913A-A5211630C496}
		{53F5038F-78FD-4056-90E9-E50B375EF827} = {EBFF0DCB-B9DB-453A-913A-A5211630C496}
		{976260DB-0779-4D13-B48E-930E48ADE279} = {EBFF0DCB-B9DB-453A-913A-A5211630C496}
		{311A076B-D310-45F4-94CE-CAD077561CC0} = {EBFF0DCB-B9DB-453A-913A-A5211630C496}
		{F8F94053-6DFE-4A87-9C39-B1C41A22E57E} = {EBFF0DCB-B9DB-453A-913A-A5211630C496}
		{1FD9F0A6-FFF4-4284-9499-F64A0366CC26} = {EBFF0DCB-B9DB-453A-913A-A5211630C496}
		{1FD7E09B-3FDA-4E98-BDF9-0492FDB154C7} = {EBFF0DCB-B9DB-453A-913A-A5211630C496}
		{EBB0CED5-B6FE-42AD-BB40-BACA5EF391B2} = {EBFF0DCB-B9DB-453A-913A-A5211630C496}
	EndGlobalSection
	GlobalSection(ExtensibilityGlobals) = postSolution
		SolutionGuid = {DB741D49-247F-4CB9-B565-40ABAB30B43D}
	EndGlobalSection
EndGlobal
