
Microsoft Visual Studio Solution File, Format Version 12.00
# Visual Studio Version 17
VisualStudioVersion = 17.11.35327.3
MinimumVisualStudioVersion = 10.0.40219.1
Project("{2150E333-8FDC-42A3-9474-1A3956D46DE8}") = "C#", "C#", "{EEE42B48-6D3F-4C42-AD4B-6D81C7E759E0}"
EndProject
Project("{2150E333-8FDC-42A3-9474-1A3956D46DE8}") = "Udemy", "Udemy", "{8DFD58F3-F093-4C95-B772-A1E6BBC21DA7}"
EndProject
Project("{2150E333-8FDC-42A3-9474-1A3956D46DE8}") = "Ultimate C# Masterclass", "Ultimate C# Masterclass", "{6088ABDB-07A4-48D9-9305-B8389D8827A0}"
EndProject
Project("{2150E333-8FDC-42A3-9474-1A3956D46DE8}") = "Code", "Code", "{EBFF0DCB-B9DB-453A-913A-A5211630C496}"
EndProject
Project("{2150E333-8FDC-42A3-9474-1A3956D46DE8}") = "Assignments", "Assignments", "{D2556EA6-FF70-4D82-AAEC-D108C10F57E6}"
EndProject
Project("{2150E333-8FDC-42A3-9474-1A3956D46DE8}") = "Solution Items", "Solution Items", "{60C01B12-9F83-4363-B3FD-D6BB36E3C6B0}"
EndProject
Project("{9A19103F-16F7-4668-BE54-9A1E7A4F7556}") = "Assignment2_ToDoList", "Udemy\Ultimate C# Masterclass\Assignments\Assignment2_ToDoList\Assignment2_ToDoList.csproj", "{2AD4D3F5-0663-4461-910F-851D8C2FF443}"
EndProject
Project("{9A19103F-16F7-4668-BE54-9A1E7A4F7556}") = "Assignment1_Calculator", "Udemy\Ultimate C# Masterclass\Assignments\Assignment1_Calculator\Assignment1_Calculator.csproj", "{CFD50E20-02AC-4476-B504-347C0D3AEFA1}"
EndProject
Project("{9A19103F-16F7-4668-BE54-9A1E7A4F7556}") = "CodingExercise9", "Udemy\Ultimate C# Masterclass\Code\CodingExercise9\CodingExercise9.csproj", "{9F5BC421-86C7-4F7E-AC54-B741A8A19C97}"
EndProject
Project("{9A19103F-16F7-4668-BE54-9A1E7A4F7556}") = "CodingExercise10", "Udemy\Ultimate C# Masterclass\Code\CodingExercise10\CodingExercise10.csproj", "{0B1358DD-16BB-4163-8302-8B2474968F92}"
EndProject
Project("{9A19103F-16F7-4668-BE54-9A1E7A4F7556}") = "CodingExercise11", "Udemy\Ultimate C# Masterclass\Code\CodingExercise11\CodingExercise11.csproj", "{E30DE3C8-ED1C-4171-AF25-625F6042F516}"
EndProject
Project("{9A19103F-16F7-4668-BE54-9A1E7A4F7556}") = "CodingExercise13", "Udemy\Ultimate C# Masterclass\Code\CodingExercise13\CodingExercise13.csproj", "{E3ADB72A-4E9F-414C-8533-B06335CA6AFF}"
EndProject
Project("{9A19103F-16F7-4668-BE54-9A1E7A4F7556}") = "CodingExercise14", "Udemy\Ultimate C# Masterclass\Code\CodingExercise14\CodingExercise14.csproj", "{6FDE38DE-9800-4193-95F7-DA36B9C89DA9}"
EndProject
Project("{9A19103F-16F7-4668-BE54-9A1E7A4F7556}") = "GradeCalculator", "Udemy\Ultimate C# Masterclass\Code\GradeCalculator\GradeCalculator.csproj", "{30147F2E-CD80-4C5E-9521-360A9A49BE5D}"
EndProject
Project("{9A19103F-16F7-4668-BE54-9A1E7A4F7556}") = "Les44", "Udemy\Ultimate C# Masterclass\Code\Les44\Les44.csproj", "{9086C540-92A0-4585-BF2E-BFC14FE23EDC}"
EndProject
Project("{9A19103F-16F7-4668-BE54-9A1E7A4F7556}") = "Les45", "Udemy\Ultimate C# Masterclass\Code\Les45\Les45.csproj", "{27E1EA7C-02A3-4669-BE81-934B68DFE071}"
EndProject
Project("{9A19103F-16F7-4668-BE54-9A1E7A4F7556}") = "Les46", "Udemy\Ultimate C# Masterclass\Code\Les46\Les46.csproj", "{CCB90507-DA00-49B9-AC62-0983EED9AB0B}"
EndProject
Project("{9A19103F-16F7-4668-BE54-9A1E7A4F7556}") = "Les47", "Udemy\Ultimate C# Masterclass\Code\Les47\Les47.csproj", "{95153CCA-4310-40B3-AF8C-B82D3218C46E}"
EndProject
Project("{9A19103F-16F7-4668-BE54-9A1E7A4F7556}") = "Les48", "Udemy\Ultimate C# Masterclass\Code\Les48\Les48.csproj", "{B16C6237-3785-4BA3-B797-6BB63AF9CAAE}"
EndProject
Project("{9A19103F-16F7-4668-BE54-9A1E7A4F7556}") = "Les49", "Udemy\Ultimate C# Masterclass\Code\Les49\Les49.csproj", "{A21A2BFF-D039-4D5E-B9E7-F26EC8BCC7D2}"
EndProject
Project("{9A19103F-16F7-4668-BE54-9A1E7A4F7556}") = "Les51", "Udemy\Ultimate C# Masterclass\Code\Les51\Les51.csproj", "{22DB5A45-749A-4857-B55B-AE9FE37FDD0F}"
EndProject
Project("{9A19103F-16F7-4668-BE54-9A1E7A4F7556}") = "Les52", "Udemy\Ultimate C# Masterclass\Code\Les52\Les52.csproj", "{53F5038F-78FD-4056-90E9-E50B375EF827}"
EndProject
Project("{9A19103F-16F7-4668-BE54-9A1E7A4F7556}") = "Les53", "Udemy\Ultimate C# Masterclass\Code\Les53\Les53.csproj", "{976260DB-0779-4D13-B48E-930E48ADE279}"
EndProject
Project("{9A19103F-16F7-4668-BE54-9A1E7A4F7556}") = "Les54", "Udemy\Ultimate C# Masterclass\Code\Les54\Les54.csproj", "{311A076B-D310-45F4-94CE-CAD077561CC0}"
EndProject
Project("{9A19103F-16F7-4668-BE54-9A1E7A4F7556}") = "Les55", "Udemy\Ultimate C# Masterclass\Code\Les55\Les55.csproj", "{F8F94053-6DFE-4A87-9C39-B1C41A22E57E}"
EndProject
Project("{9A19103F-16F7-4668-BE54-9A1E7A4F7556}") = "Les56", "Udemy\Ultimate C# Masterclass\Code\Les56\Les56.csproj", "{1FD9F0A6-FFF4-4284-9499-F64A0366CC26}"
EndProject
Project("{9A19103F-16F7-4668-BE54-9A1E7A4F7556}") = "Test", "Udemy\Ultimate C# Masterclass\Code\Test\Test.csproj", "{1FD7E09B-3FDA-4E98-BDF9-0492FDB154C7}"
EndProject
Project("{9A19103F-16F7-4668-BE54-9A1E7A4F7556}") = "Les65", "Udemy\Ultimate C# Masterclass\Code\ConsoleApp1\Les65.csproj", "{EBB0CED5-B6FE-42AD-BB40-BACA5EF391B2}"
EndProject
Project("{9A19103F-16F7-4668-BE54-9A1E7A4F7556}") = "Les67", "Udemy\Ultimate C# Masterclass\Code\Les67\Les67.csproj", "{49119156-8E78-4490-938D-E42C725BF358}"
EndProject
Project("{9A19103F-16F7-4668-BE54-9A1E7A4F7556}") = "Les69", "Udemy\Ultimate C# Masterclass\Code\Les69\Les69.csproj", "{3888236C-9D47-464E-B96F-A43F22A1C35E}"
EndProject
Project("{9A19103F-16F7-4668-BE54-9A1E7A4F7556}") = "CodingExercise15", "Udemy\Ultimate C# Masterclass\Code\CodingExercise15\CodingExercise15.csproj", "{B740ED04-4E2B-402F-8219-B0B4B266B747}"
EndProject
Project("{9A19103F-16F7-4668-BE54-9A1E7A4F7556}") = "Les70", "Udemy\Ultimate C# Masterclass\Code\Les70\Les70.csproj", "{4776562C-0930-48B0-A4C7-9B5CF72889AF}"
EndProject
Project("{9A19103F-16F7-4668-BE54-9A1E7A4F7556}") = "CodingExercise7", "Udemy\Ultimate C# Masterclass\Code\CodingExercise7\CodingExercise7.csproj", "{A2F917DA-C1B1-4312-9E3F-3944D7887A45}"
EndProject
Project("{9A19103F-16F7-4668-BE54-9A1E7A4F7556}") = "CodingExercise8", "Udemy\Ultimate C# Masterclass\Code\CodingExercise8\CodingExercise8.csproj", "{0196AFF7-3D28-4C72-A9B2-58A31A31D2ED}"
EndProject
Project("{9A19103F-16F7-4668-BE54-9A1E7A4F7556}") = "Les71", "Udemy\Ultimate C# Masterclass\Code\Les71\Les71.csproj", "{68B7A862-13EC-42C7-98F8-0C2E6C5EEC9D}"
EndProject
Project("{9A19103F-16F7-4668-BE54-9A1E7A4F7556}") = "Les72", "Udemy\Ultimate C# Masterclass\Code\Les72\Les72.csproj", "{D82390B1-7C08-4970-81A1-E6D9772C3B7E}"
EndProject
Project("{9A19103F-16F7-4668-BE54-9A1E7A4F7556}") = "CodingExercise16", "Udemy\Ultimate C# Masterclass\Code\CodingExercise16\CodingExercise16.csproj", "{BE993F26-B49A-4F97-B111-DC2F114F9538}"
EndProject
Project("{9A19103F-16F7-4668-BE54-9A1E7A4F7556}") = "Les73", "Udemy\Ultimate C# Masterclass\Code\Les73\Les73.csproj", "{9621A0D0-9DA2-4E0E-97EA-7FAE3BD4FC7A}"
EndProject
Project("{9A19103F-16F7-4668-BE54-9A1E7A4F7556}") = "Les74", "Udemy\Ultimate C# Masterclass\Code\Les74\Les74.csproj", "{3057222B-2419-41B4-B2CA-7A6BFC4FF7FA}"
EndProject
Project("{9A19103F-16F7-4668-BE54-9A1E7A4F7556}") = "Les75", "Udemy\Ultimate C# Masterclass\Code\Les75\Les75.csproj", "{E9CBF985-0292-40D7-AB65-E19AAD27E7C5}"
EndProject
Project("{9A19103F-16F7-4668-BE54-9A1E7A4F7556}") = "Les76", "Udemy\Ultimate C# Masterclass\Code\Les76\Les76.csproj", "{B1C591A1-875D-4ADE-AFAD-4D197F2E3321}"
EndProject
Project("{9A19103F-16F7-4668-BE54-9A1E7A4F7556}") = "Les77", "Udemy\Ultimate C# Masterclass\Code\Les77\Les77.csproj", "{8C857EB6-FFBA-4ACB-AA46-D7DE51CBE9B3}"
EndProject
Project("{9A19103F-16F7-4668-BE54-9A1E7A4F7556}") = "CodingExercise17", "Udemy\Ultimate C# Masterclass\Code\CodingExercise17\CodingExercise17.csproj", "{AF87BE61-FD3A-46E5-B661-09CBEF168231}"
EndProject
Project("{9A19103F-16F7-4668-BE54-9A1E7A4F7556}") = "Les78", "Udemy\Ultimate C# Masterclass\Code\Les78\Les78.csproj", "{2DDA35D4-2F48-4360-AABD-6283F7873D42}"
EndProject
Project("{9A19103F-16F7-4668-BE54-9A1E7A4F7556}") = "Les79", "Udemy\Ultimate C# Masterclass\Code\Les79\Les79.csproj", "{388E1D87-4BB2-4F91-B907-30F23E55F3DE}"
EndProject
Project("{9A19103F-16F7-4668-BE54-9A1E7A4F7556}") = "Les80", "Udemy\Ultimate C# Masterclass\Code\Les80\Les80.csproj", "{054A40F5-681A-4E14-BEAA-CF7EC745CFF6}"
EndProject
Project("{9A19103F-16F7-4668-BE54-9A1E7A4F7556}") = "Les81", "Udemy\Ultimate C# Masterclass\Code\Les81\Les81.csproj", "{29849A24-0E2C-475B-AC05-7C9C3ABE371B}"
EndProject
Project("{9A19103F-16F7-4668-BE54-9A1E7A4F7556}") = "Les82", "Udemy\Ultimate C# Masterclass\Code\Les82\Les82.csproj", "{17FD2E0D-09C4-472A-B966-BD6E97EA95B3}"
EndProject
Project("{9A19103F-16F7-4668-BE54-9A1E7A4F7556}") = "CodingExercise18", "Udemy\Ultimate C# Masterclass\Code\CodingExercise18\CodingExercise18.csproj", "{9F4B1271-8E50-4D2B-AC42-7614F02C1236}"
EndProject
Project("{9A19103F-16F7-4668-BE54-9A1E7A4F7556}") = "Les83", "Udemy\Ultimate C# Masterclass\Code\Les83\Les83.csproj", "{DD0074EB-F80C-4254-BE84-2632D1ED7E20}"
EndProject
Project("{9A19103F-16F7-4668-BE54-9A1E7A4F7556}") = "CodingExercise19", "Udemy\Ultimate C# Masterclass\Code\CodingExercise19\CodingExercise19.csproj", "{17E75907-6207-47E0-948D-9469399FA262}"
EndProject
Project("{9A19103F-16F7-4668-BE54-9A1E7A4F7556}") = "Les84", "Udemy\Ultimate C# Masterclass\Code\Les84\Les84.csproj", "{8C333F72-EE65-47A5-8BC5-6EFE12AD20E6}"
EndProject
Project("{9A19103F-16F7-4668-BE54-9A1E7A4F7556}") = "CodingExercise20", "Udemy\Ultimate C# Masterclass\Code\CodingExercise20\CodingExercise20.csproj", "{DB57664E-DD84-4297-9808-8EB36A5E5B48}"
EndProject
Project("{9A19103F-16F7-4668-BE54-9A1E7A4F7556}") = "Les85", "Udemy\Ultimate C# Masterclass\Code\Les85\Les85.csproj", "{F218F2CB-3F5A-4BDB-8322-A987C2499812}"
EndProject
Project("{9A19103F-16F7-4668-BE54-9A1E7A4F7556}") = "CodingExercise21", "Udemy\Ultimate C# Masterclass\Code\CodingExercise21\CodingExercise21.csproj", "{A2ED5490-EAA7-4C6D-831B-3D8B127BAB99}"
EndProject
Project("{9A19103F-16F7-4668-BE54-9A1E7A4F7556}") = "Les86", "Udemy\Ultimate C# Masterclass\Code\Les86\Les86.csproj", "{7933F163-F77C-4A2A-961F-A6442FC3E611}"
EndProject
Project("{9A19103F-16F7-4668-BE54-9A1E7A4F7556}") = "Les87", "Udemy\Ultimate C# Masterclass\Code\Les87\Les87.csproj", "{4E38610F-5923-42BA-9914-B8AB70AC24D1}"
EndProject
Project("{9A19103F-16F7-4668-BE54-9A1E7A4F7556}") = "Les89", "Udemy\Ultimate C# Masterclass\Code\Les89\Les89.csproj", "{0E78CBFC-5791-431D-A0C6-55432244ED3D}"
EndProject
Project("{9A19103F-16F7-4668-BE54-9A1E7A4F7556}") = "Les88", "Udemy\Ultimate C# Masterclass\Code\Les88\Les88.csproj", "{1F91B459-88B4-4C94-9DDE-C5863E65DB5B}"
EndProject
Project("{9A19103F-16F7-4668-BE54-9A1E7A4F7556}") = "Les90", "Udemy\Ultimate C# Masterclass\Code\Les90\Les90.csproj", "{4383B816-7F8D-4C4B-AFE9-F1F423901100}"
EndProject
Project("{FAE04EC0-301F-11D3-BF4B-00C04F79EFBC}") = "Les91", "Udemy\Ultimate C# Masterclass\Code\Les91\Les91.csproj", "{92B19900-DFC1-402B-9ACF-EBB208B666E6}"
EndProject
Global
	GlobalSection(SolutionConfigurationPlatforms) = preSolution
		Debug|Any CPU = Debug|Any CPU
		Release|Any CPU = Release|Any CPU
	EndGlobalSection
	GlobalSection(ProjectConfigurationPlatforms) = postSolution
		{2AD4D3F5-0663-4461-910F-851D8C2FF443}.Debug|Any CPU.ActiveCfg = Debug|Any CPU
		{2AD4D3F5-0663-4461-910F-851D8C2FF443}.Debug|Any CPU.Build.0 = Debug|Any CPU
		{2AD4D3F5-0663-4461-910F-851D8C2FF443}.Release|Any CPU.ActiveCfg = Release|Any CPU
		{2AD4D3F5-0663-4461-910F-851D8C2FF443}.Release|Any CPU.Build.0 = Release|Any CPU
		{CFD50E20-02AC-4476-B504-347C0D3AEFA1}.Debug|Any CPU.ActiveCfg = Debug|Any CPU
		{CFD50E20-02AC-4476-B504-347C0D3AEFA1}.Debug|Any CPU.Build.0 = Debug|Any CPU
		{CFD50E20-02AC-4476-B504-347C0D3AEFA1}.Release|Any CPU.ActiveCfg = Release|Any CPU
		{CFD50E20-02AC-4476-B504-347C0D3AEFA1}.Release|Any CPU.Build.0 = Release|Any CPU
		{9F5BC421-86C7-4F7E-AC54-B741A8A19C97}.Debug|Any CPU.ActiveCfg = Debug|Any CPU
		{9F5BC421-86C7-4F7E-AC54-B741A8A19C97}.Debug|Any CPU.Build.0 = Debug|Any CPU
		{9F5BC421-86C7-4F7E-AC54-B741A8A19C97}.Release|Any CPU.ActiveCfg = Release|Any CPU
		{9F5BC421-86C7-4F7E-AC54-B741A8A19C97}.Release|Any CPU.Build.0 = Release|Any CPU
		{0B1358DD-16BB-4163-8302-8B2474968F92}.Debug|Any CPU.ActiveCfg = Debug|Any CPU
		{0B1358DD-16BB-4163-8302-8B2474968F92}.Debug|Any CPU.Build.0 = Debug|Any CPU
		{0B1358DD-16BB-4163-8302-8B2474968F92}.Release|Any CPU.ActiveCfg = Release|Any CPU
		{0B1358DD-16BB-4163-8302-8B2474968F92}.Release|Any CPU.Build.0 = Release|Any CPU
		{E30DE3C8-ED1C-4171-AF25-625F6042F516}.Debug|Any CPU.ActiveCfg = Debug|Any CPU
		{E30DE3C8-ED1C-4171-AF25-625F6042F516}.Debug|Any CPU.Build.0 = Debug|Any CPU
		{E30DE3C8-ED1C-4171-AF25-625F6042F516}.Release|Any CPU.ActiveCfg = Release|Any CPU
		{E30DE3C8-ED1C-4171-AF25-625F6042F516}.Release|Any CPU.Build.0 = Release|Any CPU
		{E3ADB72A-4E9F-414C-8533-B06335CA6AFF}.Debug|Any CPU.ActiveCfg = Debug|Any CPU
		{E3ADB72A-4E9F-414C-8533-B06335CA6AFF}.Debug|Any CPU.Build.0 = Debug|Any CPU
		{E3ADB72A-4E9F-414C-8533-B06335CA6AFF}.Release|Any CPU.ActiveCfg = Release|Any CPU
		{E3ADB72A-4E9F-414C-8533-B06335CA6AFF}.Release|Any CPU.Build.0 = Release|Any CPU
		{6FDE38DE-9800-4193-95F7-DA36B9C89DA9}.Debug|Any CPU.ActiveCfg = Debug|Any CPU
		{6FDE38DE-9800-4193-95F7-DA36B9C89DA9}.Debug|Any CPU.Build.0 = Debug|Any CPU
		{6FDE38DE-9800-4193-95F7-DA36B9C89DA9}.Release|Any CPU.ActiveCfg = Release|Any CPU
		{6FDE38DE-9800-4193-95F7-DA36B9C89DA9}.Release|Any CPU.Build.0 = Release|Any CPU
		{30147F2E-CD80-4C5E-9521-360A9A49BE5D}.Debug|Any CPU.ActiveCfg = Debug|Any CPU
		{30147F2E-CD80-4C5E-9521-360A9A49BE5D}.Debug|Any CPU.Build.0 = Debug|Any CPU
		{30147F2E-CD80-4C5E-9521-360A9A49BE5D}.Release|Any CPU.ActiveCfg = Release|Any CPU
		{30147F2E-CD80-4C5E-9521-360A9A49BE5D}.Release|Any CPU.Build.0 = Release|Any CPU
		{9086C540-92A0-4585-BF2E-BFC14FE23EDC}.Debug|Any CPU.ActiveCfg = Debug|Any CPU
		{9086C540-92A0-4585-BF2E-BFC14FE23EDC}.Debug|Any CPU.Build.0 = Debug|Any CPU
		{9086C540-92A0-4585-BF2E-BFC14FE23EDC}.Release|Any CPU.ActiveCfg = Release|Any CPU
		{9086C540-92A0-4585-BF2E-BFC14FE23EDC}.Release|Any CPU.Build.0 = Release|Any CPU
		{27E1EA7C-02A3-4669-BE81-934B68DFE071}.Debug|Any CPU.ActiveCfg = Debug|Any CPU
		{27E1EA7C-02A3-4669-BE81-934B68DFE071}.Debug|Any CPU.Build.0 = Debug|Any CPU
		{27E1EA7C-02A3-4669-BE81-934B68DFE071}.Release|Any CPU.ActiveCfg = Release|Any CPU
		{27E1EA7C-02A3-4669-BE81-934B68DFE071}.Release|Any CPU.Build.0 = Release|Any CPU
		{CCB90507-DA00-49B9-AC62-0983EED9AB0B}.Debug|Any CPU.ActiveCfg = Debug|Any CPU
		{CCB90507-DA00-49B9-AC62-0983EED9AB0B}.Debug|Any CPU.Build.0 = Debug|Any CPU
		{CCB90507-DA00-49B9-AC62-0983EED9AB0B}.Release|Any CPU.ActiveCfg = Release|Any CPU
		{CCB90507-DA00-49B9-AC62-0983EED9AB0B}.Release|Any CPU.Build.0 = Release|Any CPU
		{95153CCA-4310-40B3-AF8C-B82D3218C46E}.Debug|Any CPU.ActiveCfg = Debug|Any CPU
		{95153CCA-4310-40B3-AF8C-B82D3218C46E}.Debug|Any CPU.Build.0 = Debug|Any CPU
		{95153CCA-4310-40B3-AF8C-B82D3218C46E}.Release|Any CPU.ActiveCfg = Release|Any CPU
		{95153CCA-4310-40B3-AF8C-B82D3218C46E}.Release|Any CPU.Build.0 = Release|Any CPU
		{B16C6237-3785-4BA3-B797-6BB63AF9CAAE}.Debug|Any CPU.ActiveCfg = Debug|Any CPU
		{B16C6237-3785-4BA3-B797-6BB63AF9CAAE}.Debug|Any CPU.Build.0 = Debug|Any CPU
		{B16C6237-3785-4BA3-B797-6BB63AF9CAAE}.Release|Any CPU.ActiveCfg = Release|Any CPU
		{B16C6237-3785-4BA3-B797-6BB63AF9CAAE}.Release|Any CPU.Build.0 = Release|Any CPU
		{A21A2BFF-D039-4D5E-B9E7-F26EC8BCC7D2}.Debug|Any CPU.ActiveCfg = Debug|Any CPU
		{A21A2BFF-D039-4D5E-B9E7-F26EC8BCC7D2}.Debug|Any CPU.Build.0 = Debug|Any CPU
		{A21A2BFF-D039-4D5E-B9E7-F26EC8BCC7D2}.Release|Any CPU.ActiveCfg = Release|Any CPU
		{A21A2BFF-D039-4D5E-B9E7-F26EC8BCC7D2}.Release|Any CPU.Build.0 = Release|Any CPU
		{22DB5A45-749A-4857-B55B-AE9FE37FDD0F}.Debug|Any CPU.ActiveCfg = Debug|Any CPU
		{22DB5A45-749A-4857-B55B-AE9FE37FDD0F}.Debug|Any CPU.Build.0 = Debug|Any CPU
		{22DB5A45-749A-4857-B55B-AE9FE37FDD0F}.Release|Any CPU.ActiveCfg = Release|Any CPU
		{22DB5A45-749A-4857-B55B-AE9FE37FDD0F}.Release|Any CPU.Build.0 = Release|Any CPU
		{53F5038F-78FD-4056-90E9-E50B375EF827}.Debug|Any CPU.ActiveCfg = Debug|Any CPU
		{53F5038F-78FD-4056-90E9-E50B375EF827}.Debug|Any CPU.Build.0 = Debug|Any CPU
		{53F5038F-78FD-4056-90E9-E50B375EF827}.Release|Any CPU.ActiveCfg = Release|Any CPU
		{53F5038F-78FD-4056-90E9-E50B375EF827}.Release|Any CPU.Build.0 = Release|Any CPU
		{976260DB-0779-4D13-B48E-930E48ADE279}.Debug|Any CPU.ActiveCfg = Debug|Any CPU
		{976260DB-0779-4D13-B48E-930E48ADE279}.Debug|Any CPU.Build.0 = Debug|Any CPU
		{976260DB-0779-4D13-B48E-930E48ADE279}.Release|Any CPU.ActiveCfg = Release|Any CPU
		{976260DB-0779-4D13-B48E-930E48ADE279}.Release|Any CPU.Build.0 = Release|Any CPU
		{311A076B-D310-45F4-94CE-CAD077561CC0}.Debug|Any CPU.ActiveCfg = Debug|Any CPU
		{311A076B-D310-45F4-94CE-CAD077561CC0}.Debug|Any CPU.Build.0 = Debug|Any CPU
		{311A076B-D310-45F4-94CE-CAD077561CC0}.Release|Any CPU.ActiveCfg = Release|Any CPU
		{311A076B-D310-45F4-94CE-CAD077561CC0}.Release|Any CPU.Build.0 = Release|Any CPU
		{F8F94053-6DFE-4A87-9C39-B1C41A22E57E}.Debug|Any CPU.ActiveCfg = Debug|Any CPU
		{F8F94053-6DFE-4A87-9C39-B1C41A22E57E}.Debug|Any CPU.Build.0 = Debug|Any CPU
		{F8F94053-6DFE-4A87-9C39-B1C41A22E57E}.Release|Any CPU.ActiveCfg = Release|Any CPU
		{F8F94053-6DFE-4A87-9C39-B1C41A22E57E}.Release|Any CPU.Build.0 = Release|Any CPU
		{1FD9F0A6-FFF4-4284-9499-F64A0366CC26}.Debug|Any CPU.ActiveCfg = Debug|Any CPU
		{1FD9F0A6-FFF4-4284-9499-F64A0366CC26}.Debug|Any CPU.Build.0 = Debug|Any CPU
		{1FD9F0A6-FFF4-4284-9499-F64A0366CC26}.Release|Any CPU.ActiveCfg = Release|Any CPU
		{1FD9F0A6-FFF4-4284-9499-F64A0366CC26}.Release|Any CPU.Build.0 = Release|Any CPU
		{1FD7E09B-3FDA-4E98-BDF9-0492FDB154C7}.Debug|Any CPU.ActiveCfg = Debug|Any CPU
		{1FD7E09B-3FDA-4E98-BDF9-0492FDB154C7}.Debug|Any CPU.Build.0 = Debug|Any CPU
		{1FD7E09B-3FDA-4E98-BDF9-0492FDB154C7}.Release|Any CPU.ActiveCfg = Release|Any CPU
		{1FD7E09B-3FDA-4E98-BDF9-0492FDB154C7}.Release|Any CPU.Build.0 = Release|Any CPU
		{EBB0CED5-B6FE-42AD-BB40-BACA5EF391B2}.Debug|Any CPU.ActiveCfg = Debug|Any CPU
		{EBB0CED5-B6FE-42AD-BB40-BACA5EF391B2}.Debug|Any CPU.Build.0 = Debug|Any CPU
		{EBB0CED5-B6FE-42AD-BB40-BACA5EF391B2}.Release|Any CPU.ActiveCfg = Release|Any CPU
		{EBB0CED5-B6FE-42AD-BB40-BACA5EF391B2}.Release|Any CPU.Build.0 = Release|Any CPU
		{49119156-8E78-4490-938D-E42C725BF358}.Debug|Any CPU.ActiveCfg = Debug|Any CPU
		{49119156-8E78-4490-938D-E42C725BF358}.Debug|Any CPU.Build.0 = Debug|Any CPU
		{49119156-8E78-4490-938D-E42C725BF358}.Release|Any CPU.ActiveCfg = Release|Any CPU
		{49119156-8E78-4490-938D-E42C725BF358}.Release|Any CPU.Build.0 = Release|Any CPU
		{3888236C-9D47-464E-B96F-A43F22A1C35E}.Debug|Any CPU.ActiveCfg = Debug|Any CPU
		{3888236C-9D47-464E-B96F-A43F22A1C35E}.Debug|Any CPU.Build.0 = Debug|Any CPU
		{3888236C-9D47-464E-B96F-A43F22A1C35E}.Release|Any CPU.ActiveCfg = Release|Any CPU
		{3888236C-9D47-464E-B96F-A43F22A1C35E}.Release|Any CPU.Build.0 = Release|Any CPU
		{B740ED04-4E2B-402F-8219-B0B4B266B747}.Debug|Any CPU.ActiveCfg = Debug|Any CPU
		{B740ED04-4E2B-402F-8219-B0B4B266B747}.Debug|Any CPU.Build.0 = Debug|Any CPU
		{B740ED04-4E2B-402F-8219-B0B4B266B747}.Release|Any CPU.ActiveCfg = Release|Any CPU
		{B740ED04-4E2B-402F-8219-B0B4B266B747}.Release|Any CPU.Build.0 = Release|Any CPU
		{4776562C-0930-48B0-A4C7-9B5CF72889AF}.Debug|Any CPU.ActiveCfg = Debug|Any CPU
		{4776562C-0930-48B0-A4C7-9B5CF72889AF}.Debug|Any CPU.Build.0 = Debug|Any CPU
		{4776562C-0930-48B0-A4C7-9B5CF72889AF}.Release|Any CPU.ActiveCfg = Release|Any CPU
		{4776562C-0930-48B0-A4C7-9B5CF72889AF}.Release|Any CPU.Build.0 = Release|Any CPU
		{A2F917DA-C1B1-4312-9E3F-3944D7887A45}.Debug|Any CPU.ActiveCfg = Debug|Any CPU
		{A2F917DA-C1B1-4312-9E3F-3944D7887A45}.Debug|Any CPU.Build.0 = Debug|Any CPU
		{A2F917DA-C1B1-4312-9E3F-3944D7887A45}.Release|Any CPU.ActiveCfg = Release|Any CPU
		{A2F917DA-C1B1-4312-9E3F-3944D7887A45}.Release|Any CPU.Build.0 = Release|Any CPU
		{0196AFF7-3D28-4C72-A9B2-58A31A31D2ED}.Debug|Any CPU.ActiveCfg = Debug|Any CPU
		{0196AFF7-3D28-4C72-A9B2-58A31A31D2ED}.Debug|Any CPU.Build.0 = Debug|Any CPU
		{0196AFF7-3D28-4C72-A9B2-58A31A31D2ED}.Release|Any CPU.ActiveCfg = Release|Any CPU
		{0196AFF7-3D28-4C72-A9B2-58A31A31D2ED}.Release|Any CPU.Build.0 = Release|Any CPU
		{68B7A862-13EC-42C7-98F8-0C2E6C5EEC9D}.Debug|Any CPU.ActiveCfg = Debug|Any CPU
		{68B7A862-13EC-42C7-98F8-0C2E6C5EEC9D}.Debug|Any CPU.Build.0 = Debug|Any CPU
		{68B7A862-13EC-42C7-98F8-0C2E6C5EEC9D}.Release|Any CPU.ActiveCfg = Release|Any CPU
		{68B7A862-13EC-42C7-98F8-0C2E6C5EEC9D}.Release|Any CPU.Build.0 = Release|Any CPU
		{D82390B1-7C08-4970-81A1-E6D9772C3B7E}.Debug|Any CPU.ActiveCfg = Debug|Any CPU
		{D82390B1-7C08-4970-81A1-E6D9772C3B7E}.Debug|Any CPU.Build.0 = Debug|Any CPU
		{D82390B1-7C08-4970-81A1-E6D9772C3B7E}.Release|Any CPU.ActiveCfg = Release|Any CPU
		{D82390B1-7C08-4970-81A1-E6D9772C3B7E}.Release|Any CPU.Build.0 = Release|Any CPU
		{BE993F26-B49A-4F97-B111-DC2F114F9538}.Debug|Any CPU.ActiveCfg = Debug|Any CPU
		{BE993F26-B49A-4F97-B111-DC2F114F9538}.Debug|Any CPU.Build.0 = Debug|Any CPU
		{BE993F26-B49A-4F97-B111-DC2F114F9538}.Release|Any CPU.ActiveCfg = Release|Any CPU
		{BE993F26-B49A-4F97-B111-DC2F114F9538}.Release|Any CPU.Build.0 = Release|Any CPU
		{9621A0D0-9DA2-4E0E-97EA-7FAE3BD4FC7A}.Debug|Any CPU.ActiveCfg = Debug|Any CPU
		{9621A0D0-9DA2-4E0E-97EA-7FAE3BD4FC7A}.Debug|Any CPU.Build.0 = Debug|Any CPU
		{9621A0D0-9DA2-4E0E-97EA-7FAE3BD4FC7A}.Release|Any CPU.ActiveCfg = Release|Any CPU
		{9621A0D0-9DA2-4E0E-97EA-7FAE3BD4FC7A}.Release|Any CPU.Build.0 = Release|Any CPU
		{3057222B-2419-41B4-B2CA-7A6BFC4FF7FA}.Debug|Any CPU.ActiveCfg = Debug|Any CPU
		{3057222B-2419-41B4-B2CA-7A6BFC4FF7FA}.Debug|Any CPU.Build.0 = Debug|Any CPU
		{3057222B-2419-41B4-B2CA-7A6BFC4FF7FA}.Release|Any CPU.ActiveCfg = Release|Any CPU
		{3057222B-2419-41B4-B2CA-7A6BFC4FF7FA}.Release|Any CPU.Build.0 = Release|Any CPU
		{E9CBF985-0292-40D7-AB65-E19AAD27E7C5}.Debug|Any CPU.ActiveCfg = Debug|Any CPU
		{E9CBF985-0292-40D7-AB65-E19AAD27E7C5}.Debug|Any CPU.Build.0 = Debug|Any CPU
		{E9CBF985-0292-40D7-AB65-E19AAD27E7C5}.Release|Any CPU.ActiveCfg = Release|Any CPU
		{E9CBF985-0292-40D7-AB65-E19AAD27E7C5}.Release|Any CPU.Build.0 = Release|Any CPU
		{B1C591A1-875D-4ADE-AFAD-4D197F2E3321}.Debug|Any CPU.ActiveCfg = Debug|Any CPU
		{B1C591A1-875D-4ADE-AFAD-4D197F2E3321}.Debug|Any CPU.Build.0 = Debug|Any CPU
		{B1C591A1-875D-4ADE-AFAD-4D197F2E3321}.Release|Any CPU.ActiveCfg = Release|Any CPU
		{B1C591A1-875D-4ADE-AFAD-4D197F2E3321}.Release|Any CPU.Build.0 = Release|Any CPU
		{8C857EB6-FFBA-4ACB-AA46-D7DE51CBE9B3}.Debug|Any CPU.ActiveCfg = Debug|Any CPU
		{8C857EB6-FFBA-4ACB-AA46-D7DE51CBE9B3}.Debug|Any CPU.Build.0 = Debug|Any CPU
		{8C857EB6-FFBA-4ACB-AA46-D7DE51CBE9B3}.Release|Any CPU.ActiveCfg = Release|Any CPU
		{8C857EB6-FFBA-4ACB-AA46-D7DE51CBE9B3}.Release|Any CPU.Build.0 = Release|Any CPU
		{AF87BE61-FD3A-46E5-B661-09CBEF168231}.Debug|Any CPU.ActiveCfg = Debug|Any CPU
		{AF87BE61-FD3A-46E5-B661-09CBEF168231}.Debug|Any CPU.Build.0 = Debug|Any CPU
		{AF87BE61-FD3A-46E5-B661-09CBEF168231}.Release|Any CPU.ActiveCfg = Release|Any CPU
		{AF87BE61-FD3A-46E5-B661-09CBEF168231}.Release|Any CPU.Build.0 = Release|Any CPU
		{2DDA35D4-2F48-4360-AABD-6283F7873D42}.Debug|Any CPU.ActiveCfg = Debug|Any CPU
		{2DDA35D4-2F48-4360-AABD-6283F7873D42}.Debug|Any CPU.Build.0 = Debug|Any CPU
		{2DDA35D4-2F48-4360-AABD-6283F7873D42}.Release|Any CPU.ActiveCfg = Release|Any CPU
		{2DDA35D4-2F48-4360-AABD-6283F7873D42}.Release|Any CPU.Build.0 = Release|Any CPU
		{388E1D87-4BB2-4F91-B907-30F23E55F3DE}.Debug|Any CPU.ActiveCfg = Debug|Any CPU
		{388E1D87-4BB2-4F91-B907-30F23E55F3DE}.Debug|Any CPU.Build.0 = Debug|Any CPU
		{388E1D87-4BB2-4F91-B907-30F23E55F3DE}.Release|Any CPU.ActiveCfg = Release|Any CPU
		{388E1D87-4BB2-4F91-B907-30F23E55F3DE}.Release|Any CPU.Build.0 = Release|Any CPU
		{054A40F5-681A-4E14-BEAA-CF7EC745CFF6}.Debug|Any CPU.ActiveCfg = Debug|Any CPU
		{054A40F5-681A-4E14-BEAA-CF7EC745CFF6}.Debug|Any CPU.Build.0 = Debug|Any CPU
		{054A40F5-681A-4E14-BEAA-CF7EC745CFF6}.Release|Any CPU.ActiveCfg = Release|Any CPU
		{054A40F5-681A-4E14-BEAA-CF7EC745CFF6}.Release|Any CPU.Build.0 = Release|Any CPU
		{29849A24-0E2C-475B-AC05-7C9C3ABE371B}.Debug|Any CPU.ActiveCfg = Debug|Any CPU
		{29849A24-0E2C-475B-AC05-7C9C3ABE371B}.Debug|Any CPU.Build.0 = Debug|Any CPU
		{29849A24-0E2C-475B-AC05-7C9C3ABE371B}.Release|Any CPU.ActiveCfg = Release|Any CPU
		{29849A24-0E2C-475B-AC05-7C9C3ABE371B}.Release|Any CPU.Build.0 = Release|Any CPU
		{17FD2E0D-09C4-472A-B966-BD6E97EA95B3}.Debug|Any CPU.ActiveCfg = Debug|Any CPU
		{17FD2E0D-09C4-472A-B966-BD6E97EA95B3}.Debug|Any CPU.Build.0 = Debug|Any CPU
		{17FD2E0D-09C4-472A-B966-BD6E97EA95B3}.Release|Any CPU.ActiveCfg = Release|Any CPU
		{17FD2E0D-09C4-472A-B966-BD6E97EA95B3}.Release|Any CPU.Build.0 = Release|Any CPU
		{9F4B1271-8E50-4D2B-AC42-7614F02C1236}.Debug|Any CPU.ActiveCfg = Debug|Any CPU
		{9F4B1271-8E50-4D2B-AC42-7614F02C1236}.Debug|Any CPU.Build.0 = Debug|Any CPU
		{9F4B1271-8E50-4D2B-AC42-7614F02C1236}.Release|Any CPU.ActiveCfg = Release|Any CPU
		{9F4B1271-8E50-4D2B-AC42-7614F02C1236}.Release|Any CPU.Build.0 = Release|Any CPU
		{DD0074EB-F80C-4254-BE84-2632D1ED7E20}.Debug|Any CPU.ActiveCfg = Debug|Any CPU
		{DD0074EB-F80C-4254-BE84-2632D1ED7E20}.Debug|Any CPU.Build.0 = Debug|Any CPU
		{DD0074EB-F80C-4254-BE84-2632D1ED7E20}.Release|Any CPU.ActiveCfg = Release|Any CPU
		{DD0074EB-F80C-4254-BE84-2632D1ED7E20}.Release|Any CPU.Build.0 = Release|Any CPU
		{17E75907-6207-47E0-948D-9469399FA262}.Debug|Any CPU.ActiveCfg = Debug|Any CPU
		{17E75907-6207-47E0-948D-9469399FA262}.Debug|Any CPU.Build.0 = Debug|Any CPU
		{17E75907-6207-47E0-948D-9469399FA262}.Release|Any CPU.ActiveCfg = Release|Any CPU
		{17E75907-6207-47E0-948D-9469399FA262}.Release|Any CPU.Build.0 = Release|Any CPU
		{8C333F72-EE65-47A5-8BC5-6EFE12AD20E6}.Debug|Any CPU.ActiveCfg = Debug|Any CPU
		{8C333F72-EE65-47A5-8BC5-6EFE12AD20E6}.Debug|Any CPU.Build.0 = Debug|Any CPU
		{8C333F72-EE65-47A5-8BC5-6EFE12AD20E6}.Release|Any CPU.ActiveCfg = Release|Any CPU
		{8C333F72-EE65-47A5-8BC5-6EFE12AD20E6}.Release|Any CPU.Build.0 = Release|Any CPU
		{DB57664E-DD84-4297-9808-8EB36A5E5B48}.Debug|Any CPU.ActiveCfg = Debug|Any CPU
		{DB57664E-DD84-4297-9808-8EB36A5E5B48}.Debug|Any CPU.Build.0 = Debug|Any CPU
		{DB57664E-DD84-4297-9808-8EB36A5E5B48}.Release|Any CPU.ActiveCfg = Release|Any CPU
		{DB57664E-DD84-4297-9808-8EB36A5E5B48}.Release|Any CPU.Build.0 = Release|Any CPU
		{F218F2CB-3F5A-4BDB-8322-A987C2499812}.Debug|Any CPU.ActiveCfg = Debug|Any CPU
		{F218F2CB-3F5A-4BDB-8322-A987C2499812}.Debug|Any CPU.Build.0 = Debug|Any CPU
		{F218F2CB-3F5A-4BDB-8322-A987C2499812}.Release|Any CPU.ActiveCfg = Release|Any CPU
		{F218F2CB-3F5A-4BDB-8322-A987C2499812}.Release|Any CPU.Build.0 = Release|Any CPU
		{A2ED5490-EAA7-4C6D-831B-3D8B127BAB99}.Debug|Any CPU.ActiveCfg = Debug|Any CPU
		{A2ED5490-EAA7-4C6D-831B-3D8B127BAB99}.Debug|Any CPU.Build.0 = Debug|Any CPU
		{A2ED5490-EAA7-4C6D-831B-3D8B127BAB99}.Release|Any CPU.ActiveCfg = Release|Any CPU
		{A2ED5490-EAA7-4C6D-831B-3D8B127BAB99}.Release|Any CPU.Build.0 = Release|Any CPU
		{7933F163-F77C-4A2A-961F-A6442FC3E611}.Debug|Any CPU.ActiveCfg = Debug|Any CPU
		{7933F163-F77C-4A2A-961F-A6442FC3E611}.Debug|Any CPU.Build.0 = Debug|Any CPU
		{7933F163-F77C-4A2A-961F-A6442FC3E611}.Release|Any CPU.ActiveCfg = Release|Any CPU
		{7933F163-F77C-4A2A-961F-A6442FC3E611}.Release|Any CPU.Build.0 = Release|Any CPU
		{4E38610F-5923-42BA-9914-B8AB70AC24D1}.Debug|Any CPU.ActiveCfg = Debug|Any CPU
		{4E38610F-5923-42BA-9914-B8AB70AC24D1}.Debug|Any CPU.Build.0 = Debug|Any CPU
		{4E38610F-5923-42BA-9914-B8AB70AC24D1}.Release|Any CPU.ActiveCfg = Release|Any CPU
		{4E38610F-5923-42BA-9914-B8AB70AC24D1}.Release|Any CPU.Build.0 = Release|Any CPU
		{0E78CBFC-5791-431D-A0C6-55432244ED3D}.Debug|Any CPU.ActiveCfg = Debug|Any CPU
		{0E78CBFC-5791-431D-A0C6-55432244ED3D}.Debug|Any CPU.Build.0 = Debug|Any CPU
		{0E78CBFC-5791-431D-A0C6-55432244ED3D}.Release|Any CPU.ActiveCfg = Release|Any CPU
		{0E78CBFC-5791-431D-A0C6-55432244ED3D}.Release|Any CPU.Build.0 = Release|Any CPU
		{1F91B459-88B4-4C94-9DDE-C5863E65DB5B}.Debug|Any CPU.ActiveCfg = Debug|Any CPU
		{1F91B459-88B4-4C94-9DDE-C5863E65DB5B}.Debug|Any CPU.Build.0 = Debug|Any CPU
		{1F91B459-88B4-4C94-9DDE-C5863E65DB5B}.Release|Any CPU.ActiveCfg = Release|Any CPU
		{1F91B459-88B4-4C94-9DDE-C5863E65DB5B}.Release|Any CPU.Build.0 = Release|Any CPU
		{4383B816-7F8D-4C4B-AFE9-F1F423901100}.Debug|Any CPU.ActiveCfg = Debug|Any CPU
		{4383B816-7F8D-4C4B-AFE9-F1F423901100}.Debug|Any CPU.Build.0 = Debug|Any CPU
		{4383B816-7F8D-4C4B-AFE9-F1F423901100}.Release|Any CPU.ActiveCfg = Release|Any CPU
		{4383B816-7F8D-4C4B-AFE9-F1F423901100}.Release|Any CPU.Build.0 = Release|Any CPU
		{92B19900-DFC1-402B-9ACF-EBB208B666E6}.Debug|Any CPU.ActiveCfg = Debug|Any CPU
		{92B19900-DFC1-402B-9ACF-EBB208B666E6}.Debug|Any CPU.Build.0 = Debug|Any CPU
		{92B19900-DFC1-402B-9ACF-EBB208B666E6}.Release|Any CPU.ActiveCfg = Release|Any CPU
		{92B19900-DFC1-402B-9ACF-EBB208B666E6}.Release|Any CPU.Build.0 = Release|Any CPU
	EndGlobalSection
	GlobalSection(SolutionProperties) = preSolution
		HideSolutionNode = FALSE
	EndGlobalSection
	GlobalSection(NestedProjects) = preSolution
		{8DFD58F3-F093-4C95-B772-A1E6BBC21DA7} = {EEE42B48-6D3F-4C42-AD4B-6D81C7E759E0}
		{6088ABDB-07A4-48D9-9305-B8389D8827A0} = {8DFD58F3-F093-4C95-B772-A1E6BBC21DA7}
		{EBFF0DCB-B9DB-453A-913A-A5211630C496} = {6088ABDB-07A4-48D9-9305-B8389D8827A0}
		{D2556EA6-FF70-4D82-AAEC-D108C10F57E6} = {6088ABDB-07A4-48D9-9305-B8389D8827A0}
		{2AD4D3F5-0663-4461-910F-851D8C2FF443} = {D2556EA6-FF70-4D82-AAEC-D108C10F57E6}
		{CFD50E20-02AC-4476-B504-347C0D3AEFA1} = {D2556EA6-FF70-4D82-AAEC-D108C10F57E6}
		{9F5BC421-86C7-4F7E-AC54-B741A8A19C97} = {EBFF0DCB-B9DB-453A-913A-A5211630C496}
		{0B1358DD-16BB-4163-8302-8B2474968F92} = {EBFF0DCB-B9DB-453A-913A-A5211630C496}
		{E30DE3C8-ED1C-4171-AF25-625F6042F516} = {EBFF0DCB-B9DB-453A-913A-A5211630C496}
		{E3ADB72A-4E9F-414C-8533-B06335CA6AFF} = {EBFF0DCB-B9DB-453A-913A-A5211630C496}
		{6FDE38DE-9800-4193-95F7-DA36B9C89DA9} = {EBFF0DCB-B9DB-453A-913A-A5211630C496}
		{30147F2E-CD80-4C5E-9521-360A9A49BE5D} = {EBFF0DCB-B9DB-453A-913A-A5211630C496}
		{9086C540-92A0-4585-BF2E-BFC14FE23EDC} = {EBFF0DCB-B9DB-453A-913A-A5211630C496}
		{27E1EA7C-02A3-4669-BE81-934B68DFE071} = {EBFF0DCB-B9DB-453A-913A-A5211630C496}
		{CCB90507-DA00-49B9-AC62-0983EED9AB0B} = {EBFF0DCB-B9DB-453A-913A-A5211630C496}
		{95153CCA-4310-40B3-AF8C-B82D3218C46E} = {EBFF0DCB-B9DB-453A-913A-A5211630C496}
		{B16C6237-3785-4BA3-B797-6BB63AF9CAAE} = {EBFF0DCB-B9DB-453A-913A-A5211630C496}
		{A21A2BFF-D039-4D5E-B9E7-F26EC8BCC7D2} = {EBFF0DCB-B9DB-453A-913A-A5211630C496}
		{22DB5A45-749A-4857-B55B-AE9FE37FDD0F} = {EBFF0DCB-B9DB-453A-913A-A5211630C496}
		{53F5038F-78FD-4056-90E9-E50B375EF827} = {EBFF0DCB-B9DB-453A-913A-A5211630C496}
		{976260DB-0779-4D13-B48E-930E48ADE279} = {EBFF0DCB-B9DB-453A-913A-A5211630C496}
		{311A076B-D310-45F4-94CE-CAD077561CC0} = {EBFF0DCB-B9DB-453A-913A-A5211630C496}
		{F8F94053-6DFE-4A87-9C39-B1C41A22E57E} = {EBFF0DCB-B9DB-453A-913A-A5211630C496}
		{1FD9F0A6-FFF4-4284-9499-F64A0366CC26} = {EBFF0DCB-B9DB-453A-913A-A5211630C496}
		{1FD7E09B-3FDA-4E98-BDF9-0492FDB154C7} = {EBFF0DCB-B9DB-453A-913A-A5211630C496}
		{EBB0CED5-B6FE-42AD-BB40-BACA5EF391B2} = {EBFF0DCB-B9DB-453A-913A-A5211630C496}
		{49119156-8E78-4490-938D-E42C725BF358} = {EBFF0DCB-B9DB-453A-913A-A5211630C496}
		{3888236C-9D47-464E-B96F-A43F22A1C35E} = {EBFF0DCB-B9DB-453A-913A-A5211630C496}
		{B740ED04-4E2B-402F-8219-B0B4B266B747} = {EBFF0DCB-B9DB-453A-913A-A5211630C496}
		{4776562C-0930-48B0-A4C7-9B5CF72889AF} = {EBFF0DCB-B9DB-453A-913A-A5211630C496}
		{A2F917DA-C1B1-4312-9E3F-3944D7887A45} = {EBFF0DCB-B9DB-453A-913A-A5211630C496}
		{0196AFF7-3D28-4C72-A9B2-58A31A31D2ED} = {EBFF0DCB-B9DB-453A-913A-A5211630C496}
		{68B7A862-13EC-42C7-98F8-0C2E6C5EEC9D} = {EBFF0DCB-B9DB-453A-913A-A5211630C496}
		{D82390B1-7C08-4970-81A1-E6D9772C3B7E} = {EBFF0DCB-B9DB-453A-913A-A5211630C496}
		{BE993F26-B49A-4F97-B111-DC2F114F9538} = {EBFF0DCB-B9DB-453A-913A-A5211630C496}
		{9621A0D0-9DA2-4E0E-97EA-7FAE3BD4FC7A} = {EBFF0DCB-B9DB-453A-913A-A5211630C496}
		{3057222B-2419-41B4-B2CA-7A6BFC4FF7FA} = {EBFF0DCB-B9DB-453A-913A-A5211630C496}
		{E9CBF985-0292-40D7-AB65-E19AAD27E7C5} = {EBFF0DCB-B9DB-453A-913A-A5211630C496}
		{B1C591A1-875D-4ADE-AFAD-4D197F2E3321} = {EBFF0DCB-B9DB-453A-913A-A5211630C496}
		{8C857EB6-FFBA-4ACB-AA46-D7DE51CBE9B3} = {EBFF0DCB-B9DB-453A-913A-A5211630C496}
		{AF87BE61-FD3A-46E5-B661-09CBEF168231} = {EBFF0DCB-B9DB-453A-913A-A5211630C496}
		{2DDA35D4-2F48-4360-AABD-6283F7873D42} = {EBFF0DCB-B9DB-453A-913A-A5211630C496}
		{388E1D87-4BB2-4F91-B907-30F23E55F3DE} = {EBFF0DCB-B9DB-453A-913A-A5211630C496}
		{054A40F5-681A-4E14-BEAA-CF7EC745CFF6} = {EBFF0DCB-B9DB-453A-913A-A5211630C496}
		{29849A24-0E2C-475B-AC05-7C9C3ABE371B} = {EBFF0DCB-B9DB-453A-913A-A5211630C496}
		{17FD2E0D-09C4-472A-B966-BD6E97EA95B3} = {EBFF0DCB-B9DB-453A-913A-A5211630C496}
		{9F4B1271-8E50-4D2B-AC42-7614F02C1236} = {EBFF0DCB-B9DB-453A-913A-A5211630C496}
		{DD0074EB-F80C-4254-BE84-2632D1ED7E20} = {EBFF0DCB-B9DB-453A-913A-A5211630C496}
		{17E75907-6207-47E0-948D-9469399FA262} = {EBFF0DCB-B9DB-453A-913A-A5211630C496}
		{8C333F72-EE65-47A5-8BC5-6EFE12AD20E6} = {EBFF0DCB-B9DB-453A-913A-A5211630C496}
		{DB57664E-DD84-4297-9808-8EB36A5E5B48} = {EBFF0DCB-B9DB-453A-913A-A5211630C496}
		{F218F2CB-3F5A-4BDB-8322-A987C2499812} = {EBFF0DCB-B9DB-453A-913A-A5211630C496}
		{A2ED5490-EAA7-4C6D-831B-3D8B127BAB99} = {EBFF0DCB-B9DB-453A-913A-A5211630C496}
		{7933F163-F77C-4A2A-961F-A6442FC3E611} = {EBFF0DCB-B9DB-453A-913A-A5211630C496}
		{4E38610F-5923-42BA-9914-B8AB70AC24D1} = {EBFF0DCB-B9DB-453A-913A-A5211630C496}
		{0E78CBFC-5791-431D-A0C6-55432244ED3D} = {EBFF0DCB-B9DB-453A-913A-A5211630C496}
		{1F91B459-88B4-4C94-9DDE-C5863E65DB5B} = {EBFF0DCB-B9DB-453A-913A-A5211630C496}
		{4383B816-7F8D-4C4B-AFE9-F1F423901100} = {EBFF0DCB-B9DB-453A-913A-A5211630C496}
		{92B19900-DFC1-402B-9ACF-EBB208B666E6} = {EBFF0DCB-B9DB-453A-913A-A5211630C496}
	EndGlobalSection
	GlobalSection(ExtensibilityGlobals) = postSolution
		SolutionGuid = {DB741D49-247F-4CB9-B565-40ABAB30B43D}
	EndGlobalSection
EndGlobal
