
Microsoft Visual Studio Solution File, Format Version 12.00
# Visual Studio Version 17
VisualStudioVersion = 17.11.35327.3
MinimumVisualStudioVersion = 10.0.40219.1
Project("{2150E333-8FDC-42A3-9474-1A3956D46DE8}") = "C#", "C#", "{EEE42B48-6D3F-4C42-AD4B-6D81C7E759E0}"
EndProject
Project("{2150E333-8FDC-42A3-9474-1A3956D46DE8}") = "Udemy", "Udemy", "{8DFD58F3-F093-4C95-B772-A1E6BBC21DA7}"
EndProject
Project("{2150E333-8FDC-42A3-9474-1A3956D46DE8}") = "Ultimate C# Masterclass", "Ultimate C# Masterclass", "{6088ABDB-07A4-48D9-9305-B8389D8827A0}"
EndProject
Project("{2150E333-8FDC-42A3-9474-1A3956D46DE8}") = "Code", "Code", "{EBFF0DCB-B9DB-453A-913A-A5211630C496}"
EndProject
Project("{2150E333-8FDC-42A3-9474-1A3956D46DE8}") = "Assignments", "Assignments", "{D2556EA6-FF70-4D82-AAEC-D108C10F57E6}"
EndProject
Project("{2150E333-8FDC-42A3-9474-1A3956D46DE8}") = "Solution Items", "Solution Items", "{60C01B12-9F83-4363-B3FD-D6BB36E3C6B0}"
EndProject
Project("{9A19103F-16F7-4668-BE54-9A1E7A4F7556}") = "Assignment2_ToDoList", "Udemy\Ultimate C# Masterclass\Assignments\Assignment2_ToDoList\Assignment2_ToDoList.csproj", "{2AD4D3F5-0663-4461-910F-851D8C2FF443}"
EndProject
Project("{9A19103F-16F7-4668-BE54-9A1E7A4F7556}") = "Assignment1_Calculator", "Udemy\Ultimate C# Masterclass\Assignments\Assignment1_Calculator\Assignment1_Calculator.csproj", "{CFD50E20-02AC-4476-B504-347C0D3AEFA1}"
EndProject
Project("{9A19103F-16F7-4668-BE54-9A1E7A4F7556}") = "CodingExercise9", "..\Change\C#\Udemy\Ultimate C# Masterclass\Code\CodingExercise9\CodingExercise9.csproj", "{4118767D-8F7D-46E7-A3B5-C4D352806457}"
EndProject
Project("{9A19103F-16F7-4668-BE54-9A1E7A4F7556}") = "CodingExercise10", "..\Change\C#\Udemy\Ultimate C# Masterclass\Code\CodingExercise10\CodingExercise10.csproj", "{4282BF7D-4F22-42AB-B5E4-C330C83E9F40}"
EndProject
Project("{9A19103F-16F7-4668-BE54-9A1E7A4F7556}") = "CodingExercise11", "..\Change\C#\Udemy\Ultimate C# Masterclass\Code\CodingExercise11\CodingExercise11.csproj", "{DF81311A-7416-47CD-AC89-F369B4407C68}"
EndProject
Project("{9A19103F-16F7-4668-BE54-9A1E7A4F7556}") = "GradeCalculator", "..\Change\C#\Udemy\Ultimate C# Masterclass\Code\GradeCalculator\GradeCalculator.csproj", "{EF7708E0-4FE2-41E4-B626-9EC4F6B493A2}"
EndProject
Project("{9A19103F-16F7-4668-BE54-9A1E7A4F7556}") = "Les44", "..\Change\C#\Udemy\Ultimate C# Masterclass\Code\Les44\Les44.csproj", "{6E221DAC-041A-4C00-AF84-ECED2171A388}"
EndProject
Project("{9A19103F-16F7-4668-BE54-9A1E7A4F7556}") = "Les45", "..\Change\C#\Udemy\Ultimate C# Masterclass\Code\Les45\Les45.csproj", "{BD45CB7E-4830-466B-9414-4C5A32670BD8}"
EndProject
Project("{9A19103F-16F7-4668-BE54-9A1E7A4F7556}") = "Les46", "..\Change\C#\Udemy\Ultimate C# Masterclass\Code\Les46\Les46.csproj", "{62C67282-B981-43D1-9865-2B19B02BE5A2}"
EndProject
Project("{9A19103F-16F7-4668-BE54-9A1E7A4F7556}") = "CodingExercise13", "..\Change\C#\Udemy\Ultimate C# Masterclass\Code\CodingExercise13\CodingExercise13.csproj", "{4C94695A-18EF-4096-A22C-5BEEF9AB621A}"
EndProject
Project("{9A19103F-16F7-4668-BE54-9A1E7A4F7556}") = "CodingExercise14", "..\Change\C#\Udemy\Ultimate C# Masterclass\Code\CodingExercise14\CodingExercise14.csproj", "{0AD75428-6A09-457C-9B6E-9439262D2FBD}"
EndProject
Project("{9A19103F-16F7-4668-BE54-9A1E7A4F7556}") = "CodingExercise7", "..\Change\C#\Udemy\Ultimate C# Masterclass\Code\CodingExercise7\CodingExercise7.csproj", "{60ADC581-16C6-447D-89D6-14946F8B41B6}"
EndProject
Project("{9A19103F-16F7-4668-BE54-9A1E7A4F7556}") = "CodingExercise8", "..\Change\C#\Udemy\Ultimate C# Masterclass\Code\CodingExercise8\CodingExercise8.csproj", "{6C8885A3-6D54-4028-8699-D06A4AC54ACC}"
EndProject
Project("{9A19103F-16F7-4668-BE54-9A1E7A4F7556}") = "Les47", "..\Change\C#\Udemy\Ultimate C# Masterclass\Code\Les47\Les47.csproj", "{A871BF8B-6D6E-432C-A9AD-0989F007DCD8}"
EndProject
Project("{9A19103F-16F7-4668-BE54-9A1E7A4F7556}") = "Les48", "..\Change\C#\Udemy\Ultimate C# Masterclass\Code\Les48\Les48.csproj", "{969B34CA-AC91-4EFC-A4E1-C6694963E711}"
EndProject
Project("{9A19103F-16F7-4668-BE54-9A1E7A4F7556}") = "Les49", "..\Change\C#\Udemy\Ultimate C# Masterclass\Code\Les49\Les49.csproj", "{2E9FCCBF-2DD1-45AB-85BA-0E806ADCDB7D}"
EndProject
Project("{9A19103F-16F7-4668-BE54-9A1E7A4F7556}") = "Les51", "..\Change\C#\Udemy\Ultimate C# Masterclass\Code\Les51\Les51.csproj", "{C0172BA3-9066-446C-8146-7F2925312DB0}"
EndProject
Project("{9A19103F-16F7-4668-BE54-9A1E7A4F7556}") = "Les52", "..\Change\C#\Udemy\Ultimate C# Masterclass\Code\Les52\Les52.csproj", "{870AAA6E-8B1B-4B16-B141-D9BD0F53F368}"
EndProject
Project("{9A19103F-16F7-4668-BE54-9A1E7A4F7556}") = "Les53", "..\Change\C#\Udemy\Ultimate C# Masterclass\Code\Les53\Les53.csproj", "{65CBE83F-8CC8-40EE-8036-E65810EF493E}"
EndProject
Project("{9A19103F-16F7-4668-BE54-9A1E7A4F7556}") = "Les54", "..\Change\C#\Udemy\Ultimate C# Masterclass\Code\Les54\Les54.csproj", "{DF097257-66BB-44C6-ABEB-0FD2762B336E}"
EndProject
Project("{9A19103F-16F7-4668-BE54-9A1E7A4F7556}") = "Les55", "..\Change\C#\Udemy\Ultimate C# Masterclass\Code\Les55\Les55.csproj", "{0BF39780-D628-4D22-A596-56FD950F9CB1}"
EndProject
Project("{9A19103F-16F7-4668-BE54-9A1E7A4F7556}") = "Les56", "..\Change\C#\Udemy\Ultimate C# Masterclass\Code\Les56\Les56.csproj", "{A0E472E6-0B8C-4201-97D5-EF6FC1D92A1C}"
EndProject
Project("{9A19103F-16F7-4668-BE54-9A1E7A4F7556}") = "Test", "..\Change\C#\Udemy\Ultimate C# Masterclass\Code\Test\Test.csproj", "{30ADE284-9282-489D-B7C2-12CE25DDD7B2}"
EndProject
Global
	GlobalSection(SolutionConfigurationPlatforms) = preSolution
		Debug|Any CPU = Debug|Any CPU
		Release|Any CPU = Release|Any CPU
	EndGlobalSection
	GlobalSection(ProjectConfigurationPlatforms) = postSolution
		{2AD4D3F5-0663-4461-910F-851D8C2FF443}.Debug|Any CPU.ActiveCfg = Debug|Any CPU
		{2AD4D3F5-0663-4461-910F-851D8C2FF443}.Debug|Any CPU.Build.0 = Debug|Any CPU
		{2AD4D3F5-0663-4461-910F-851D8C2FF443}.Release|Any CPU.ActiveCfg = Release|Any CPU
		{2AD4D3F5-0663-4461-910F-851D8C2FF443}.Release|Any CPU.Build.0 = Release|Any CPU
		{CFD50E20-02AC-4476-B504-347C0D3AEFA1}.Debug|Any CPU.ActiveCfg = Debug|Any CPU
		{CFD50E20-02AC-4476-B504-347C0D3AEFA1}.Debug|Any CPU.Build.0 = Debug|Any CPU
		{CFD50E20-02AC-4476-B504-347C0D3AEFA1}.Release|Any CPU.ActiveCfg = Release|Any CPU
		{CFD50E20-02AC-4476-B504-347C0D3AEFA1}.Release|Any CPU.Build.0 = Release|Any CPU
		{4118767D-8F7D-46E7-A3B5-C4D352806457}.Debug|Any CPU.ActiveCfg = Debug|Any CPU
		{4118767D-8F7D-46E7-A3B5-C4D352806457}.Debug|Any CPU.Build.0 = Debug|Any CPU
		{4118767D-8F7D-46E7-A3B5-C4D352806457}.Release|Any CPU.ActiveCfg = Release|Any CPU
		{4118767D-8F7D-46E7-A3B5-C4D352806457}.Release|Any CPU.Build.0 = Release|Any CPU
		{4282BF7D-4F22-42AB-B5E4-C330C83E9F40}.Debug|Any CPU.ActiveCfg = Debug|Any CPU
		{4282BF7D-4F22-42AB-B5E4-C330C83E9F40}.Debug|Any CPU.Build.0 = Debug|Any CPU
		{4282BF7D-4F22-42AB-B5E4-C330C83E9F40}.Release|Any CPU.ActiveCfg = Release|Any CPU
		{4282BF7D-4F22-42AB-B5E4-C330C83E9F40}.Release|Any CPU.Build.0 = Release|Any CPU
		{DF81311A-7416-47CD-AC89-F369B4407C68}.Debug|Any CPU.ActiveCfg = Debug|Any CPU
		{DF81311A-7416-47CD-AC89-F369B4407C68}.Debug|Any CPU.Build.0 = Debug|Any CPU
		{DF81311A-7416-47CD-AC89-F369B4407C68}.Release|Any CPU.ActiveCfg = Release|Any CPU
		{DF81311A-7416-47CD-AC89-F369B4407C68}.Release|Any CPU.Build.0 = Release|Any CPU
		{EF7708E0-4FE2-41E4-B626-9EC4F6B493A2}.Debug|Any CPU.ActiveCfg = Debug|Any CPU
		{EF7708E0-4FE2-41E4-B626-9EC4F6B493A2}.Debug|Any CPU.Build.0 = Debug|Any CPU
		{EF7708E0-4FE2-41E4-B626-9EC4F6B493A2}.Release|Any CPU.ActiveCfg = Release|Any CPU
		{EF7708E0-4FE2-41E4-B626-9EC4F6B493A2}.Release|Any CPU.Build.0 = Release|Any CPU
		{6E221DAC-041A-4C00-AF84-ECED2171A388}.Debug|Any CPU.ActiveCfg = Debug|Any CPU
		{6E221DAC-041A-4C00-AF84-ECED2171A388}.Debug|Any CPU.Build.0 = Debug|Any CPU
		{6E221DAC-041A-4C00-AF84-ECED2171A388}.Release|Any CPU.ActiveCfg = Release|Any CPU
		{6E221DAC-041A-4C00-AF84-ECED2171A388}.Release|Any CPU.Build.0 = Release|Any CPU
		{BD45CB7E-4830-466B-9414-4C5A32670BD8}.Debug|Any CPU.ActiveCfg = Debug|Any CPU
		{BD45CB7E-4830-466B-9414-4C5A32670BD8}.Debug|Any CPU.Build.0 = Debug|Any CPU
		{BD45CB7E-4830-466B-9414-4C5A32670BD8}.Release|Any CPU.ActiveCfg = Release|Any CPU
		{BD45CB7E-4830-466B-9414-4C5A32670BD8}.Release|Any CPU.Build.0 = Release|Any CPU
		{62C67282-B981-43D1-9865-2B19B02BE5A2}.Debug|Any CPU.ActiveCfg = Debug|Any CPU
		{62C67282-B981-43D1-9865-2B19B02BE5A2}.Debug|Any CPU.Build.0 = Debug|Any CPU
		{62C67282-B981-43D1-9865-2B19B02BE5A2}.Release|Any CPU.ActiveCfg = Release|Any CPU
		{62C67282-B981-43D1-9865-2B19B02BE5A2}.Release|Any CPU.Build.0 = Release|Any CPU
		{4C94695A-18EF-4096-A22C-5BEEF9AB621A}.Debug|Any CPU.ActiveCfg = Debug|Any CPU
		{4C94695A-18EF-4096-A22C-5BEEF9AB621A}.Debug|Any CPU.Build.0 = Debug|Any CPU
		{4C94695A-18EF-4096-A22C-5BEEF9AB621A}.Release|Any CPU.ActiveCfg = Release|Any CPU
		{4C94695A-18EF-4096-A22C-5BEEF9AB621A}.Release|Any CPU.Build.0 = Release|Any CPU
		{0AD75428-6A09-457C-9B6E-9439262D2FBD}.Debug|Any CPU.ActiveCfg = Debug|Any CPU
		{0AD75428-6A09-457C-9B6E-9439262D2FBD}.Debug|Any CPU.Build.0 = Debug|Any CPU
		{0AD75428-6A09-457C-9B6E-9439262D2FBD}.Release|Any CPU.ActiveCfg = Release|Any CPU
		{0AD75428-6A09-457C-9B6E-9439262D2FBD}.Release|Any CPU.Build.0 = Release|Any CPU
		{60ADC581-16C6-447D-89D6-14946F8B41B6}.Debug|Any CPU.ActiveCfg = Debug|Any CPU
		{60ADC581-16C6-447D-89D6-14946F8B41B6}.Debug|Any CPU.Build.0 = Debug|Any CPU
		{60ADC581-16C6-447D-89D6-14946F8B41B6}.Release|Any CPU.ActiveCfg = Release|Any CPU
		{60ADC581-16C6-447D-89D6-14946F8B41B6}.Release|Any CPU.Build.0 = Release|Any CPU
		{6C8885A3-6D54-4028-8699-D06A4AC54ACC}.Debug|Any CPU.ActiveCfg = Debug|Any CPU
		{6C8885A3-6D54-4028-8699-D06A4AC54ACC}.Debug|Any CPU.Build.0 = Debug|Any CPU
		{6C8885A3-6D54-4028-8699-D06A4AC54ACC}.Release|Any CPU.ActiveCfg = Release|Any CPU
		{6C8885A3-6D54-4028-8699-D06A4AC54ACC}.Release|Any CPU.Build.0 = Release|Any CPU
		{A871BF8B-6D6E-432C-A9AD-0989F007DCD8}.Debug|Any CPU.ActiveCfg = Debug|Any CPU
		{A871BF8B-6D6E-432C-A9AD-0989F007DCD8}.Debug|Any CPU.Build.0 = Debug|Any CPU
		{A871BF8B-6D6E-432C-A9AD-0989F007DCD8}.Release|Any CPU.ActiveCfg = Release|Any CPU
		{A871BF8B-6D6E-432C-A9AD-0989F007DCD8}.Release|Any CPU.Build.0 = Release|Any CPU
		{969B34CA-AC91-4EFC-A4E1-C6694963E711}.Debug|Any CPU.ActiveCfg = Debug|Any CPU
		{969B34CA-AC91-4EFC-A4E1-C6694963E711}.Debug|Any CPU.Build.0 = Debug|Any CPU
		{969B34CA-AC91-4EFC-A4E1-C6694963E711}.Release|Any CPU.ActiveCfg = Release|Any CPU
		{969B34CA-AC91-4EFC-A4E1-C6694963E711}.Release|Any CPU.Build.0 = Release|Any CPU
		{2E9FCCBF-2DD1-45AB-85BA-0E806ADCDB7D}.Debug|Any CPU.ActiveCfg = Debug|Any CPU
		{2E9FCCBF-2DD1-45AB-85BA-0E806ADCDB7D}.Debug|Any CPU.Build.0 = Debug|Any CPU
		{2E9FCCBF-2DD1-45AB-85BA-0E806ADCDB7D}.Release|Any CPU.ActiveCfg = Release|Any CPU
		{2E9FCCBF-2DD1-45AB-85BA-0E806ADCDB7D}.Release|Any CPU.Build.0 = Release|Any CPU
		{C0172BA3-9066-446C-8146-7F2925312DB0}.Debug|Any CPU.ActiveCfg = Debug|Any CPU
		{C0172BA3-9066-446C-8146-7F2925312DB0}.Debug|Any CPU.Build.0 = Debug|Any CPU
		{C0172BA3-9066-446C-8146-7F2925312DB0}.Release|Any CPU.ActiveCfg = Release|Any CPU
		{C0172BA3-9066-446C-8146-7F2925312DB0}.Release|Any CPU.Build.0 = Release|Any CPU
		{870AAA6E-8B1B-4B16-B141-D9BD0F53F368}.Debug|Any CPU.ActiveCfg = Debug|Any CPU
		{870AAA6E-8B1B-4B16-B141-D9BD0F53F368}.Debug|Any CPU.Build.0 = Debug|Any CPU
		{870AAA6E-8B1B-4B16-B141-D9BD0F53F368}.Release|Any CPU.ActiveCfg = Release|Any CPU
		{870AAA6E-8B1B-4B16-B141-D9BD0F53F368}.Release|Any CPU.Build.0 = Release|Any CPU
		{65CBE83F-8CC8-40EE-8036-E65810EF493E}.Debug|Any CPU.ActiveCfg = Debug|Any CPU
		{65CBE83F-8CC8-40EE-8036-E65810EF493E}.Debug|Any CPU.Build.0 = Debug|Any CPU
		{65CBE83F-8CC8-40EE-8036-E65810EF493E}.Release|Any CPU.ActiveCfg = Release|Any CPU
		{65CBE83F-8CC8-40EE-8036-E65810EF493E}.Release|Any CPU.Build.0 = Release|Any CPU
		{DF097257-66BB-44C6-ABEB-0FD2762B336E}.Debug|Any CPU.ActiveCfg = Debug|Any CPU
		{DF097257-66BB-44C6-ABEB-0FD2762B336E}.Debug|Any CPU.Build.0 = Debug|Any CPU
		{DF097257-66BB-44C6-ABEB-0FD2762B336E}.Release|Any CPU.ActiveCfg = Release|Any CPU
		{DF097257-66BB-44C6-ABEB-0FD2762B336E}.Release|Any CPU.Build.0 = Release|Any CPU
		{0BF39780-D628-4D22-A596-56FD950F9CB1}.Debug|Any CPU.ActiveCfg = Debug|Any CPU
		{0BF39780-D628-4D22-A596-56FD950F9CB1}.Debug|Any CPU.Build.0 = Debug|Any CPU
		{0BF39780-D628-4D22-A596-56FD950F9CB1}.Release|Any CPU.ActiveCfg = Release|Any CPU
		{0BF39780-D628-4D22-A596-56FD950F9CB1}.Release|Any CPU.Build.0 = Release|Any CPU
		{A0E472E6-0B8C-4201-97D5-EF6FC1D92A1C}.Debug|Any CPU.ActiveCfg = Debug|Any CPU
		{A0E472E6-0B8C-4201-97D5-EF6FC1D92A1C}.Debug|Any CPU.Build.0 = Debug|Any CPU
		{A0E472E6-0B8C-4201-97D5-EF6FC1D92A1C}.Release|Any CPU.ActiveCfg = Release|Any CPU
		{A0E472E6-0B8C-4201-97D5-EF6FC1D92A1C}.Release|Any CPU.Build.0 = Release|Any CPU
		{30ADE284-9282-489D-B7C2-12CE25DDD7B2}.Debug|Any CPU.ActiveCfg = Debug|Any CPU
		{30ADE284-9282-489D-B7C2-12CE25DDD7B2}.Debug|Any CPU.Build.0 = Debug|Any CPU
		{30ADE284-9282-489D-B7C2-12CE25DDD7B2}.Release|Any CPU.ActiveCfg = Release|Any CPU
		{30ADE284-9282-489D-B7C2-12CE25DDD7B2}.Release|Any CPU.Build.0 = Release|Any CPU
	EndGlobalSection
	GlobalSection(SolutionProperties) = preSolution
		HideSolutionNode = FALSE
	EndGlobalSection
	GlobalSection(NestedProjects) = preSolution
		{8DFD58F3-F093-4C95-B772-A1E6BBC21DA7} = {EEE42B48-6D3F-4C42-AD4B-6D81C7E759E0}
		{6088ABDB-07A4-48D9-9305-B8389D8827A0} = {8DFD58F3-F093-4C95-B772-A1E6BBC21DA7}
		{EBFF0DCB-B9DB-453A-913A-A5211630C496} = {6088ABDB-07A4-48D9-9305-B8389D8827A0}
		{D2556EA6-FF70-4D82-AAEC-D108C10F57E6} = {6088ABDB-07A4-48D9-9305-B8389D8827A0}
		{2AD4D3F5-0663-4461-910F-851D8C2FF443} = {D2556EA6-FF70-4D82-AAEC-D108C10F57E6}
		{CFD50E20-02AC-4476-B504-347C0D3AEFA1} = {D2556EA6-FF70-4D82-AAEC-D108C10F57E6}
		{4118767D-8F7D-46E7-A3B5-C4D352806457} = {EBFF0DCB-B9DB-453A-913A-A5211630C496}
		{4282BF7D-4F22-42AB-B5E4-C330C83E9F40} = {EBFF0DCB-B9DB-453A-913A-A5211630C496}
		{DF81311A-7416-47CD-AC89-F369B4407C68} = {EBFF0DCB-B9DB-453A-913A-A5211630C496}
		{EF7708E0-4FE2-41E4-B626-9EC4F6B493A2} = {EBFF0DCB-B9DB-453A-913A-A5211630C496}
		{6E221DAC-041A-4C00-AF84-ECED2171A388} = {EBFF0DCB-B9DB-453A-913A-A5211630C496}
		{BD45CB7E-4830-466B-9414-4C5A32670BD8} = {EBFF0DCB-B9DB-453A-913A-A5211630C496}
		{62C67282-B981-43D1-9865-2B19B02BE5A2} = {EBFF0DCB-B9DB-453A-913A-A5211630C496}
		{4C94695A-18EF-4096-A22C-5BEEF9AB621A} = {EBFF0DCB-B9DB-453A-913A-A5211630C496}
		{0AD75428-6A09-457C-9B6E-9439262D2FBD} = {EBFF0DCB-B9DB-453A-913A-A5211630C496}
		{60ADC581-16C6-447D-89D6-14946F8B41B6} = {EBFF0DCB-B9DB-453A-913A-A5211630C496}
		{6C8885A3-6D54-4028-8699-D06A4AC54ACC} = {EBFF0DCB-B9DB-453A-913A-A5211630C496}
		{A871BF8B-6D6E-432C-A9AD-0989F007DCD8} = {EBFF0DCB-B9DB-453A-913A-A5211630C496}
		{969B34CA-AC91-4EFC-A4E1-C6694963E711} = {EBFF0DCB-B9DB-453A-913A-A5211630C496}
		{2E9FCCBF-2DD1-45AB-85BA-0E806ADCDB7D} = {EBFF0DCB-B9DB-453A-913A-A5211630C496}
		{C0172BA3-9066-446C-8146-7F2925312DB0} = {EBFF0DCB-B9DB-453A-913A-A5211630C496}
		{870AAA6E-8B1B-4B16-B141-D9BD0F53F368} = {EBFF0DCB-B9DB-453A-913A-A5211630C496}
		{65CBE83F-8CC8-40EE-8036-E65810EF493E} = {EBFF0DCB-B9DB-453A-913A-A5211630C496}
		{DF097257-66BB-44C6-ABEB-0FD2762B336E} = {EBFF0DCB-B9DB-453A-913A-A5211630C496}
		{0BF39780-D628-4D22-A596-56FD950F9CB1} = {EBFF0DCB-B9DB-453A-913A-A5211630C496}
		{A0E472E6-0B8C-4201-97D5-EF6FC1D92A1C} = {EBFF0DCB-B9DB-453A-913A-A5211630C496}
		{30ADE284-9282-489D-B7C2-12CE25DDD7B2} = {EBFF0DCB-B9DB-453A-913A-A5211630C496}
	EndGlobalSection
	GlobalSection(ExtensibilityGlobals) = postSolution
		SolutionGuid = {DB741D49-247F-4CB9-B565-40ABAB30B43D}
	EndGlobalSection
EndGlobal
